{
  "version": 4,
  "terraform_version": "1.13.3",
  "serial": 75,
  "lineage": "3e5dd753-c2f0-80d8-aeea-c95de97c5264",
  "outputs": {
    "aws_caller_info": {
      "value": {
        "caller_arn": "arn:aws:iam::374103992698:user/iam_kafka"
      },
      "type": [
        "object",
        {
          "caller_arn": "string"
        }
      ]
    },
    "confluent_details": {
      "value": {
        "environment_name": "frauddetectiondemo-environment-6332e013",
        "flink_pool_name": "default",
        "kafka_cluster_name": "frauddetectiondemo-cluster-6332e013"
      },
      "type": [
        "object",
        {
          "environment_name": "string",
          "flink_pool_name": "string",
          "kafka_cluster_name": "string"
        }
      ]
    },
    "demo_details": {
      "value": {
        "fraud_ui": "http://k8s-frauddem-ingressf-1553bb1fd3-1427826718.us-east-1.elb.amazonaws.com/fraud-demo/"
      },
      "type": [
        "object",
        {
          "fraud_ui": "string"
        }
      ]
    },
    "opensearch_details": {
      "value": {
        "dashboard_url": "https://search-frauddetectiondemo-6332e013-2gpea5ib2sttxckxkfzzstzi3q.us-east-1.es.amazonaws.com/_dashboards",
        "endpoint": "https://search-frauddetectiondemo-6332e013-2gpea5ib2sttxckxkfzzstzi3q.us-east-1.es.amazonaws.com",
        "password": "Admin123456!",
        "username": "admin"
      },
      "type": [
        "object",
        {
          "dashboard_url": "string",
          "endpoint": "string",
          "password": "string",
          "username": "string"
        }
      ]
    },
    "oracle_vm_db_details": {
      "value": {
        "connection_string": "sqlplus system/Welcome1@10.0.1.150:1521/XEPDB1",
        "express_url": "https://10.0.1.150:5500/em",
        "private_ip": "10.0.1.150"
      },
      "type": [
        "object",
        {
          "connection_string": "string",
          "express_url": "string",
          "private_ip": "string"
        }
      ]
    },
    "oracle_xstream_connector": {
      "value": {
        "database_hostname": "ec2-34-228-83-205.compute-1.amazonaws.com",
        "database_name": "XE",
        "database_password": "password",
        "database_port": 1521,
        "database_service_name": "XE",
        "database_username": "c##cfltuser",
        "decimal_handling_mode": "double",
        "pluggable_database_name": "XEPDB1",
        "table_inclusion_regex": "SAMPLE[.](USER_TRANSACTION|AUTH_USER)",
        "topic_prefix": "fd",
        "xstream_outbound_server": "XOUT"
      },
      "type": [
        "object",
        {
          "database_hostname": "string",
          "database_name": "string",
          "database_password": "string",
          "database_port": "number",
          "database_service_name": "string",
          "database_username": "string",
          "decimal_handling_mode": "string",
          "pluggable_database_name": "string",
          "table_inclusion_regex": "string",
          "topic_prefix": "string",
          "xstream_outbound_server": "string"
        }
      ]
    },
    "redshift_endpoint": {
      "value": "frauddetectiondemo-redshift-cluster-6332e013.cvc43699rhpg.us-east-1.redshift.amazonaws.com:5439",
      "type": "string"
    }
  },
  "resources": [
    {
      "mode": "data",
      "type": "aws_ami",
      "name": "oracle_ami",
      "provider": "provider[\"registry.terraform.io/hashicorp/aws\"]",
      "instances": [
        {
          "schema_version": 0,
          "attributes": {
            "architecture": "x86_64",
            "arn": "arn:aws:ec2:us-east-1::image/ami-08982f1c5bf93d976",
            "block_device_mappings": [
              {
                "device_name": "/dev/xvda",
                "ebs": {
                  "delete_on_termination": "true",
                  "encrypted": "false",
                  "iops": "3000",
                  "snapshot_id": "snap-0e8ae436bb016efb5",
                  "throughput": "125",
                  "volume_size": "8",
                  "volume_type": "gp3"
                },
                "no_device": "",
                "virtual_name": ""
              }
            ],
            "boot_mode": "uefi-preferred",
            "creation_date": "2025-09-10T19:09:27.000Z",
            "deprecation_time": "2025-12-09T19:09:00.000Z",
            "description": "Amazon Linux 2023 AMI 2023.8.20250915.0 x86_64 HVM kernel-6.1",
            "ena_support": true,
            "executable_users": null,
            "filter": [
              {
                "name": "architecture",
                "values": [
                  "x86_64"
                ]
              },
              {
                "name": "name",
                "values": [
                  "al2023-ami-2023*"
                ]
              }
            ],
            "hypervisor": "xen",
            "id": "ami-08982f1c5bf93d976",
            "image_id": "ami-08982f1c5bf93d976",
            "image_location": "amazon/al2023-ami-2023.8.20250915.0-kernel-6.1-x86_64",
            "image_owner_alias": "amazon",
            "image_type": "machine",
            "imds_support": "v2.0",
            "include_deprecated": false,
            "kernel_id": "",
            "most_recent": true,
            "name": "al2023-ami-2023.8.20250915.0-kernel-6.1-x86_64",
            "name_regex": null,
            "owner_id": "137112412989",
            "owners": [
              "amazon"
            ],
            "platform": "",
            "platform_details": "Linux/UNIX",
            "product_codes": [],
            "public": true,
            "ramdisk_id": "",
            "root_device_name": "/dev/xvda",
            "root_device_type": "ebs",
            "root_snapshot_id": "snap-0e8ae436bb016efb5",
            "sriov_net_support": "simple",
            "state": "available",
            "state_reason": {
              "code": "UNSET",
              "message": "UNSET"
            },
            "tags": {},
            "timeouts": null,
            "tpm_support": "",
            "uefi_data": null,
            "usage_operation": "RunInstances",
            "virtualization_type": "hvm"
          },
          "sensitive_attributes": [],
          "identity_schema_version": 0
        }
      ]
    },
    {
      "mode": "data",
      "type": "aws_availability_zones",
      "name": "available",
      "provider": "provider[\"registry.terraform.io/hashicorp/aws\"]",
      "instances": [
        {
          "schema_version": 0,
          "attributes": {
            "all_availability_zones": null,
            "exclude_names": null,
            "exclude_zone_ids": null,
            "filter": [
              {
                "name": "zone-type",
                "values": [
                  "availability-zone"
                ]
              }
            ],
            "group_names": [
              "us-east-1-zg-1"
            ],
            "id": "us-east-1",
            "names": [
              "us-east-1a",
              "us-east-1b",
              "us-east-1c",
              "us-east-1d",
              "us-east-1e",
              "us-east-1f"
            ],
            "state": "available",
            "timeouts": null,
            "zone_ids": [
              "use1-az4",
              "use1-az6",
              "use1-az1",
              "use1-az2",
              "use1-az3",
              "use1-az5"
            ]
          },
          "sensitive_attributes": [],
          "identity_schema_version": 0
        }
      ]
    },
    {
      "mode": "data",
      "type": "aws_caller_identity",
      "name": "current",
      "provider": "provider[\"registry.terraform.io/hashicorp/aws\"]",
      "instances": [
        {
          "schema_version": 0,
          "attributes": {
            "account_id": "374103992698",
            "arn": "arn:aws:iam::374103992698:user/iam_kafka",
            "id": "374103992698",
            "user_id": "AIDAVOGSV5F5AB7E2SMYV"
          },
          "sensitive_attributes": [],
          "identity_schema_version": 0
        }
      ]
    },
    {
      "mode": "data",
      "type": "aws_region",
      "name": "current",
      "provider": "provider[\"registry.terraform.io/hashicorp/aws\"]",
      "instances": [
        {
          "schema_version": 0,
          "attributes": {
            "description": "US East (N. Virginia)",
            "endpoint": "ec2.us-east-1.amazonaws.com",
            "id": "us-east-1",
            "name": "us-east-1"
          },
          "sensitive_attributes": [],
          "identity_schema_version": 0
        }
      ]
    },
    {
      "mode": "data",
      "type": "confluent_flink_region",
      "name": "flink_region",
      "provider": "provider[\"registry.terraform.io/confluentinc/confluent\"]",
      "instances": [
        {
          "schema_version": 0,
          "attributes": {
            "api_version": "fcpm/v2",
            "cloud": "AWS",
            "id": "aws.us-east-1",
            "kind": "Region",
            "private_rest_endpoint": "https://flink.us-east-1.aws.private.confluent.cloud",
            "region": "us-east-1",
            "rest_endpoint": "https://flink.us-east-1.aws.confluent.cloud"
          },
          "sensitive_attributes": [],
          "identity_schema_version": 0
        }
      ]
    },
    {
      "mode": "data",
      "type": "confluent_schema_registry_cluster",
      "name": "sr",
      "provider": "provider[\"registry.terraform.io/confluentinc/confluent\"]",
      "instances": [
        {
          "schema_version": 0,
          "attributes": {
            "api_version": "srcm/v3",
            "catalog_endpoint": "https://psrc-7yovz2.us-east-1.aws.confluent.cloud",
            "cloud": "AWS",
            "display_name": "Always On Stream Governance Package",
            "environment": [
              {
                "id": "env-vy3doj"
              }
            ],
            "id": "lsrc-ynv19k",
            "kind": "Cluster",
            "package": "ADVANCED",
            "private_rest_endpoint": "https://lsrc-ynv19k.us-east-1.aws.private.confluent.cloud",
            "region": "us-east-1",
            "resource_name": "crn://confluent.cloud/organization=a03f1dfd-02ee-4ce1-8329-571ce84d697a/environment=env-vy3doj/schema-registry=lsrc-ynv19k",
            "rest_endpoint": "https://psrc-7yovz2.us-east-1.aws.confluent.cloud"
          },
          "sensitive_attributes": [],
          "identity_schema_version": 0
        }
      ]
    },
    {
      "mode": "managed",
      "type": "aws_ec2_tag",
      "name": "public_subnet_eks_tag",
      "provider": "provider[\"registry.terraform.io/hashicorp/aws\"]",
      "instances": [
        {
          "index_key": 0,
          "schema_version": 0,
          "attributes": {
            "id": "subnet-0a1d335639a21b54c,kubernetes.io/cluster/frauddetectiondemo-eks-cluster-6332e013",
            "key": "kubernetes.io/cluster/frauddetectiondemo-eks-cluster-6332e013",
            "resource_id": "subnet-0a1d335639a21b54c",
            "value": "shared"
          },
          "sensitive_attributes": [],
          "identity_schema_version": 0,
          "private": "bnVsbA==",
          "dependencies": [
            "aws_eks_cluster.eks_cluster",
            "aws_iam_role.cluster",
            "aws_iam_role.node",
            "aws_iam_role_policy_attachment.cluster_AmazonEKSBlockStoragePolicy",
            "aws_iam_role_policy_attachment.cluster_AmazonEKSClusterPolicy",
            "aws_iam_role_policy_attachment.cluster_AmazonEKSComputePolicy",
            "aws_iam_role_policy_attachment.cluster_AmazonEKSLoadBalancingPolicy",
            "aws_iam_role_policy_attachment.cluster_AmazonEKSNetworkingPolicy",
            "aws_subnet.public_subnets",
            "aws_vpc.main",
            "data.aws_availability_zones.available",
            "random_id.env_display_id"
          ]
        },
        {
          "index_key": 1,
          "schema_version": 0,
          "attributes": {
            "id": "subnet-07e070b6653a9504f,kubernetes.io/cluster/frauddetectiondemo-eks-cluster-6332e013",
            "key": "kubernetes.io/cluster/frauddetectiondemo-eks-cluster-6332e013",
            "resource_id": "subnet-07e070b6653a9504f",
            "value": "shared"
          },
          "sensitive_attributes": [],
          "identity_schema_version": 0,
          "private": "bnVsbA==",
          "dependencies": [
            "aws_eks_cluster.eks_cluster",
            "aws_iam_role.cluster",
            "aws_iam_role.node",
            "aws_iam_role_policy_attachment.cluster_AmazonEKSBlockStoragePolicy",
            "aws_iam_role_policy_attachment.cluster_AmazonEKSClusterPolicy",
            "aws_iam_role_policy_attachment.cluster_AmazonEKSComputePolicy",
            "aws_iam_role_policy_attachment.cluster_AmazonEKSLoadBalancingPolicy",
            "aws_iam_role_policy_attachment.cluster_AmazonEKSNetworkingPolicy",
            "aws_subnet.public_subnets",
            "aws_vpc.main",
            "data.aws_availability_zones.available",
            "random_id.env_display_id"
          ]
        },
        {
          "index_key": 2,
          "schema_version": 0,
          "attributes": {
            "id": "subnet-06736326e12331e50,kubernetes.io/cluster/frauddetectiondemo-eks-cluster-6332e013",
            "key": "kubernetes.io/cluster/frauddetectiondemo-eks-cluster-6332e013",
            "resource_id": "subnet-06736326e12331e50",
            "value": "shared"
          },
          "sensitive_attributes": [],
          "identity_schema_version": 0,
          "private": "bnVsbA==",
          "dependencies": [
            "aws_eks_cluster.eks_cluster",
            "aws_iam_role.cluster",
            "aws_iam_role.node",
            "aws_iam_role_policy_attachment.cluster_AmazonEKSBlockStoragePolicy",
            "aws_iam_role_policy_attachment.cluster_AmazonEKSClusterPolicy",
            "aws_iam_role_policy_attachment.cluster_AmazonEKSComputePolicy",
            "aws_iam_role_policy_attachment.cluster_AmazonEKSLoadBalancingPolicy",
            "aws_iam_role_policy_attachment.cluster_AmazonEKSNetworkingPolicy",
            "aws_subnet.public_subnets",
            "aws_vpc.main",
            "data.aws_availability_zones.available",
            "random_id.env_display_id"
          ]
        }
      ]
    },
    {
      "mode": "managed",
      "type": "aws_eip",
      "name": "eip",
      "provider": "provider[\"registry.terraform.io/hashicorp/aws\"]",
      "instances": [
        {
          "schema_version": 0,
          "attributes": {
            "address": null,
            "allocation_id": "eipalloc-0d39762f070b848c4",
            "arn": "arn:aws:ec2:us-east-1:374103992698:elastic-ip/eipalloc-0d39762f070b848c4",
            "associate_with_private_ip": null,
            "association_id": "eipassoc-0c7274a3933974f33",
            "carrier_ip": "",
            "customer_owned_ip": "",
            "customer_owned_ipv4_pool": "",
            "domain": "vpc",
            "id": "eipalloc-0d39762f070b848c4",
            "instance": "",
            "ipam_pool_id": null,
            "network_border_group": "us-east-1",
            "network_interface": "eni-06391f946ff16a5c4",
            "private_dns": "ip-10-0-2-185.ec2.internal",
            "private_ip": "10.0.2.185",
            "ptr_record": "",
            "public_dns": "ec2-98-88-119-2.compute-1.amazonaws.com",
            "public_ip": "98.88.119.2",
            "public_ipv4_pool": "amazon",
            "tags": {
              "Name": "frauddetectiondemo-aws-eip-6332e013"
            },
            "tags_all": {
              "Name": "frauddetectiondemo-aws-eip-6332e013"
            },
            "timeouts": null,
            "vpc": true
          },
          "sensitive_attributes": [],
          "identity_schema_version": 0,
          "private": "eyJlMmJmYjczMC1lY2FhLTExZTYtOGY4OC0zNDM2M2JjN2M0YzAiOnsiZGVsZXRlIjoxODAwMDAwMDAwMDAsInJlYWQiOjkwMDAwMDAwMDAwMCwidXBkYXRlIjozMDAwMDAwMDAwMDB9fQ==",
          "dependencies": [
            "random_id.env_display_id"
          ]
        }
      ]
    },
    {
      "mode": "managed",
      "type": "aws_eks_access_policy_association",
      "name": "caller_admin_policy",
      "provider": "provider[\"registry.terraform.io/hashicorp/aws\"]",
      "instances": [
        {
          "schema_version": 0,
          "attributes": {
            "access_scope": [
              {
                "namespaces": [],
                "type": "cluster"
              }
            ],
            "associated_at": "2025-09-27 13:58:09.066 +0000 UTC",
            "cluster_name": "frauddetectiondemo-eks-cluster-6332e013",
            "id": "frauddetectiondemo-eks-cluster-6332e013#arn:aws:iam::374103992698:user/iam_kafka#arn:aws:eks::aws:cluster-access-policy/AmazonEKSAdminPolicy",
            "modified_at": "2025-09-27 13:58:09.066 +0000 UTC",
            "policy_arn": "arn:aws:eks::aws:cluster-access-policy/AmazonEKSAdminPolicy",
            "principal_arn": "arn:aws:iam::374103992698:user/iam_kafka",
            "timeouts": null
          },
          "sensitive_attributes": [],
          "identity_schema_version": 0,
          "private": "eyJlMmJmYjczMC1lY2FhLTExZTYtOGY4OC0zNDM2M2JjN2M0YzAiOnsiY3JlYXRlIjo2MDAwMDAwMDAwMDAsImRlbGV0ZSI6NjAwMDAwMDAwMDAwfX0=",
          "dependencies": [
            "aws_eks_cluster.eks_cluster",
            "aws_iam_role.cluster",
            "aws_iam_role.node",
            "aws_iam_role_policy_attachment.cluster_AmazonEKSBlockStoragePolicy",
            "aws_iam_role_policy_attachment.cluster_AmazonEKSClusterPolicy",
            "aws_iam_role_policy_attachment.cluster_AmazonEKSComputePolicy",
            "aws_iam_role_policy_attachment.cluster_AmazonEKSLoadBalancingPolicy",
            "aws_iam_role_policy_attachment.cluster_AmazonEKSNetworkingPolicy",
            "aws_subnet.public_subnets",
            "aws_vpc.main",
            "data.aws_availability_zones.available",
            "data.aws_caller_identity.current",
            "random_id.env_display_id"
          ]
        }
      ]
    },
    {
      "mode": "managed",
      "type": "aws_eks_access_policy_association",
      "name": "caller_cluster_admin_policy",
      "provider": "provider[\"registry.terraform.io/hashicorp/aws\"]",
      "instances": [
        {
          "schema_version": 0,
          "attributes": {
            "access_scope": [
              {
                "namespaces": [],
                "type": "cluster"
              }
            ],
            "associated_at": "2025-09-27 13:46:45.056 +0000 UTC",
            "cluster_name": "frauddetectiondemo-eks-cluster-6332e013",
            "id": "frauddetectiondemo-eks-cluster-6332e013#arn:aws:iam::374103992698:user/iam_kafka#arn:aws:eks::aws:cluster-access-policy/AmazonEKSClusterAdminPolicy",
            "modified_at": "2025-09-27 13:58:08.762 +0000 UTC",
            "policy_arn": "arn:aws:eks::aws:cluster-access-policy/AmazonEKSClusterAdminPolicy",
            "principal_arn": "arn:aws:iam::374103992698:user/iam_kafka",
            "timeouts": null
          },
          "sensitive_attributes": [],
          "identity_schema_version": 0,
          "private": "eyJlMmJmYjczMC1lY2FhLTExZTYtOGY4OC0zNDM2M2JjN2M0YzAiOnsiY3JlYXRlIjo2MDAwMDAwMDAwMDAsImRlbGV0ZSI6NjAwMDAwMDAwMDAwfX0=",
          "dependencies": [
            "aws_eks_cluster.eks_cluster",
            "aws_iam_role.cluster",
            "aws_iam_role.node",
            "aws_iam_role_policy_attachment.cluster_AmazonEKSBlockStoragePolicy",
            "aws_iam_role_policy_attachment.cluster_AmazonEKSClusterPolicy",
            "aws_iam_role_policy_attachment.cluster_AmazonEKSComputePolicy",
            "aws_iam_role_policy_attachment.cluster_AmazonEKSLoadBalancingPolicy",
            "aws_iam_role_policy_attachment.cluster_AmazonEKSNetworkingPolicy",
            "aws_subnet.public_subnets",
            "aws_vpc.main",
            "data.aws_availability_zones.available",
            "data.aws_caller_identity.current",
            "random_id.env_display_id"
          ]
        }
      ]
    },
    {
      "mode": "managed",
      "type": "aws_eks_cluster",
      "name": "eks_cluster",
      "provider": "provider[\"registry.terraform.io/hashicorp/aws\"]",
      "instances": [
        {
          "schema_version": 1,
          "attributes": {
            "access_config": [
              {
                "authentication_mode": "API_AND_CONFIG_MAP",
                "bootstrap_cluster_creator_admin_permissions": true
              }
            ],
            "arn": "arn:aws:eks:us-east-1:374103992698:cluster/frauddetectiondemo-eks-cluster-6332e013",
            "bootstrap_self_managed_addons": false,
            "certificate_authority": [
              {
                "data": "LS0tLS1CRUdJTiBDRVJUSUZJQ0FURS0tLS0tCk1JSURCVENDQWUyZ0F3SUJBZ0lJT3NNakxpOVZHQnN3RFFZSktvWklodmNOQVFFTEJRQXdGVEVUTUJFR0ExVUUKQXhNS2EzVmlaWEp1WlhSbGN6QWVGdzB5TlRBNU1qY3hNelEzTXpCYUZ3MHpOVEE1TWpVeE16VXlNekJhTUJVeApFekFSQmdOVkJBTVRDbXQxWW1WeWJtVjBaWE13Z2dFaU1BMEdDU3FHU0liM0RRRUJBUVVBQTRJQkR3QXdnZ0VLCkFvSUJBUURJYkZieU12Mk1TWWZmRVhudzR1d3A1aGU5TkZIL1FDNmp0a2J0U3U3ZVdCdVVYRmMzY0tNVlBDZVAKbVFMZHd0WnZ1NGRxUXZHYjBuVnl1czRnV2I4YjhWbG1mVmloRSt6OUw0WGRWR0JJZkxpZTVlUVhSeWVBdU9veApHeTc1ckJVWXBMVlZ2czZUZjhNSFdRV3N2L1VTNTI1T2pzbEFpL2FXV0lNZWlPMmw2dmhLU2pxT1VNbzdUc3BLClNFVkQzKzlVVUU4bHhsVEJyek1GdzlvTmQvTlVOaEJrVVdUcVVCUW1yaTdDNGgyZFNCZXVTZFZSOC9HUmEzcmcKWHRQenFoOHdSWmhHZE84OW0wME1Ua3NhWE15Ky8vVjE4dUdFbXowQlI1TDVQdUJUcnpDcGx4U2xWZkFHcnh1ZQpNalI2L0Z3VWo0a3lHY1lPMGpYcE8vbEllRUFYQWdNQkFBR2pXVEJYTUE0R0ExVWREd0VCL3dRRUF3SUNwREFQCkJnTlZIUk1CQWY4RUJUQURBUUgvTUIwR0ExVWREZ1FXQkJUZlZ5MENoNGpwWXV6NGVzTFhJbXp4Y0RZTWV6QVYKQmdOVkhSRUVEakFNZ2dwcmRXSmxjbTVsZEdWek1BMEdDU3FHU0liM0RRRUJDd1VBQTRJQkFRQ3hLUzk3NWFCbwpRalZXLzZ5OS9YMFRETUlpcGxXdEtJamJoeG5VZ2o5c0dWclNoMGY3UjRvNlRqZkt5eGVyS0hnSE55SnhpY1lLCkVzRnNCZk1RODdYSnFZZnVsUmZYalNPWUdMVy9YTEhoMkFuZUFtS3hEOFpuK1FXYk4rM2s4aHNhRDVsdlFkaTUKV0dpN2cvOFpIWC83UnBKSWRkNlFacXlEaURNOEJhVkgzVURCd1crM2xkRGordTlzeWxwRFBIMS9NSnoreXpzNwpBQ0lBL0dKNm42ODJmczI0SjJzZXdQSjJJbEVHcEdWZ1FVUHdFbW5HSUxGSjRpVmM3OE01K0Q3L3YrMXBWMXJDCjJGTHNwOURpRFVqanFzcVRMc0dmdGJISzVFMUdpaWVobWZXeVBJSlg1QlNaNDdPeFBHU1MzNmNqOVJsWUdHVWEKbnpvYTA5N1RtWFNnCi0tLS0tRU5EIENFUlRJRklDQVRFLS0tLS0K"
              }
            ],
            "cluster_id": null,
            "compute_config": [
              {
                "enabled": true,
                "node_pools": [
                  "general-purpose"
                ],
                "node_role_arn": "arn:aws:iam::374103992698:role/eks-auto-node-example-6332e013"
              }
            ],
            "created_at": "2025-09-27T13:46:45Z",
            "enabled_cluster_log_types": [],
            "encryption_config": [],
            "endpoint": "https://36BD56A666520CF1B565D8CF9C1164AF.gr7.us-east-1.eks.amazonaws.com",
            "id": "frauddetectiondemo-eks-cluster-6332e013",
            "identity": [
              {
                "oidc": [
                  {
                    "issuer": "https://oidc.eks.us-east-1.amazonaws.com/id/36BD56A666520CF1B565D8CF9C1164AF"
                  }
                ]
              }
            ],
            "kubernetes_network_config": [
              {
                "elastic_load_balancing": [
                  {
                    "enabled": true
                  }
                ],
                "ip_family": "ipv4",
                "service_ipv4_cidr": "172.20.0.0/16",
                "service_ipv6_cidr": ""
              }
            ],
            "name": "frauddetectiondemo-eks-cluster-6332e013",
            "outpost_config": [],
            "platform_version": "eks.38",
            "remote_network_config": [],
            "role_arn": "arn:aws:iam::374103992698:role/eks-cluster-example-6332e013",
            "status": "ACTIVE",
            "storage_config": [
              {
                "block_storage": [
                  {
                    "enabled": true
                  }
                ]
              }
            ],
            "tags": {
              "Name": "frauddetectiondemo-eks-cluster-6332e013"
            },
            "tags_all": {
              "Name": "frauddetectiondemo-eks-cluster-6332e013"
            },
            "timeouts": null,
            "upgrade_policy": [
              {
                "support_type": "EXTENDED"
              }
            ],
            "version": "1.31",
            "vpc_config": [
              {
                "cluster_security_group_id": "sg-0ed9d1555fa70f953",
                "endpoint_private_access": true,
                "endpoint_public_access": true,
                "public_access_cidrs": [
                  "0.0.0.0/0"
                ],
                "security_group_ids": [],
                "subnet_ids": [
                  "subnet-06736326e12331e50",
                  "subnet-07e070b6653a9504f",
                  "subnet-0a1d335639a21b54c"
                ],
                "vpc_id": "vpc-002b8a1994de1c998"
              }
            ],
            "zonal_shift_config": []
          },
          "sensitive_attributes": [],
          "identity_schema_version": 0,
          "private": "eyJlMmJmYjczMC1lY2FhLTExZTYtOGY4OC0zNDM2M2JjN2M0YzAiOnsiY3JlYXRlIjoxODAwMDAwMDAwMDAwLCJkZWxldGUiOjkwMDAwMDAwMDAwMCwidXBkYXRlIjozNjAwMDAwMDAwMDAwfSwic2NoZW1hX3ZlcnNpb24iOiIxIn0=",
          "dependencies": [
            "aws_iam_role.cluster",
            "aws_iam_role.node",
            "aws_iam_role_policy_attachment.cluster_AmazonEKSBlockStoragePolicy",
            "aws_iam_role_policy_attachment.cluster_AmazonEKSClusterPolicy",
            "aws_iam_role_policy_attachment.cluster_AmazonEKSComputePolicy",
            "aws_iam_role_policy_attachment.cluster_AmazonEKSLoadBalancingPolicy",
            "aws_iam_role_policy_attachment.cluster_AmazonEKSNetworkingPolicy",
            "aws_subnet.public_subnets",
            "aws_vpc.main",
            "data.aws_availability_zones.available",
            "random_id.env_display_id"
          ]
        }
      ]
    },
    {
      "mode": "managed",
      "type": "aws_iam_role",
      "name": "cluster",
      "provider": "provider[\"registry.terraform.io/hashicorp/aws\"]",
      "instances": [
        {
          "schema_version": 0,
          "attributes": {
            "arn": "arn:aws:iam::374103992698:role/eks-cluster-example-6332e013",
            "assume_role_policy": "{\"Statement\":[{\"Action\":[\"sts:AssumeRole\",\"sts:TagSession\"],\"Effect\":\"Allow\",\"Principal\":{\"Service\":\"eks.amazonaws.com\"}}],\"Version\":\"2012-10-17\"}",
            "create_date": "2025-09-27T13:46:10Z",
            "description": "",
            "force_detach_policies": false,
            "id": "eks-cluster-example-6332e013",
            "inline_policy": [],
            "managed_policy_arns": [
              "arn:aws:iam::aws:policy/AmazonEKSBlockStoragePolicy",
              "arn:aws:iam::aws:policy/AmazonEKSClusterPolicy",
              "arn:aws:iam::aws:policy/AmazonEKSComputePolicy",
              "arn:aws:iam::aws:policy/AmazonEKSLoadBalancingPolicy",
              "arn:aws:iam::aws:policy/AmazonEKSNetworkingPolicy"
            ],
            "max_session_duration": 3600,
            "name": "eks-cluster-example-6332e013",
            "name_prefix": "",
            "path": "/",
            "permissions_boundary": "",
            "tags": {},
            "tags_all": {},
            "unique_id": "AROAVOGSV5F5JXP3DLXN2"
          },
          "sensitive_attributes": [],
          "identity_schema_version": 0,
          "private": "bnVsbA==",
          "dependencies": [
            "random_id.env_display_id"
          ]
        }
      ]
    },
    {
      "mode": "managed",
      "type": "aws_iam_role",
      "name": "node",
      "provider": "provider[\"registry.terraform.io/hashicorp/aws\"]",
      "instances": [
        {
          "schema_version": 0,
          "attributes": {
            "arn": "arn:aws:iam::374103992698:role/eks-auto-node-example-6332e013",
            "assume_role_policy": "{\"Statement\":[{\"Action\":[\"sts:AssumeRole\"],\"Effect\":\"Allow\",\"Principal\":{\"Service\":\"ec2.amazonaws.com\"}}],\"Version\":\"2012-10-17\"}",
            "create_date": "2025-09-27T13:46:10Z",
            "description": "",
            "force_detach_policies": false,
            "id": "eks-auto-node-example-6332e013",
            "inline_policy": [],
            "managed_policy_arns": [
              "arn:aws:iam::aws:policy/AmazonEC2ContainerRegistryPullOnly",
              "arn:aws:iam::aws:policy/AmazonEKSWorkerNodeMinimalPolicy"
            ],
            "max_session_duration": 3600,
            "name": "eks-auto-node-example-6332e013",
            "name_prefix": "",
            "path": "/",
            "permissions_boundary": "",
            "tags": {},
            "tags_all": {},
            "unique_id": "AROAVOGSV5F5AI2VR2XOM"
          },
          "sensitive_attributes": [],
          "identity_schema_version": 0,
          "private": "bnVsbA==",
          "dependencies": [
            "random_id.env_display_id"
          ]
        }
      ]
    },
    {
      "mode": "managed",
      "type": "aws_iam_role_policy_attachment",
      "name": "cluster_AmazonEKSBlockStoragePolicy",
      "provider": "provider[\"registry.terraform.io/hashicorp/aws\"]",
      "instances": [
        {
          "schema_version": 0,
          "attributes": {
            "id": "eks-cluster-example-6332e013-20250927134612809700000003",
            "policy_arn": "arn:aws:iam::aws:policy/AmazonEKSBlockStoragePolicy",
            "role": "eks-cluster-example-6332e013"
          },
          "sensitive_attributes": [],
          "identity_schema_version": 0,
          "private": "bnVsbA==",
          "dependencies": [
            "aws_iam_role.cluster",
            "random_id.env_display_id"
          ]
        }
      ]
    },
    {
      "mode": "managed",
      "type": "aws_iam_role_policy_attachment",
      "name": "cluster_AmazonEKSClusterPolicy",
      "provider": "provider[\"registry.terraform.io/hashicorp/aws\"]",
      "instances": [
        {
          "schema_version": 0,
          "attributes": {
            "id": "eks-cluster-example-6332e013-20250927134613020600000004",
            "policy_arn": "arn:aws:iam::aws:policy/AmazonEKSClusterPolicy",
            "role": "eks-cluster-example-6332e013"
          },
          "sensitive_attributes": [],
          "identity_schema_version": 0,
          "private": "bnVsbA==",
          "dependencies": [
            "aws_iam_role.cluster",
            "random_id.env_display_id"
          ]
        }
      ]
    },
    {
      "mode": "managed",
      "type": "aws_iam_role_policy_attachment",
      "name": "cluster_AmazonEKSComputePolicy",
      "provider": "provider[\"registry.terraform.io/hashicorp/aws\"]",
      "instances": [
        {
          "schema_version": 0,
          "attributes": {
            "id": "eks-cluster-example-6332e013-20250927134613650900000007",
            "policy_arn": "arn:aws:iam::aws:policy/AmazonEKSComputePolicy",
            "role": "eks-cluster-example-6332e013"
          },
          "sensitive_attributes": [],
          "identity_schema_version": 0,
          "private": "bnVsbA==",
          "dependencies": [
            "aws_iam_role.cluster",
            "random_id.env_display_id"
          ]
        }
      ]
    },
    {
      "mode": "managed",
      "type": "aws_iam_role_policy_attachment",
      "name": "cluster_AmazonEKSLoadBalancingPolicy",
      "provider": "provider[\"registry.terraform.io/hashicorp/aws\"]",
      "instances": [
        {
          "schema_version": 0,
          "attributes": {
            "id": "eks-cluster-example-6332e013-20250927134613545500000006",
            "policy_arn": "arn:aws:iam::aws:policy/AmazonEKSLoadBalancingPolicy",
            "role": "eks-cluster-example-6332e013"
          },
          "sensitive_attributes": [],
          "identity_schema_version": 0,
          "private": "bnVsbA==",
          "dependencies": [
            "aws_iam_role.cluster",
            "random_id.env_display_id"
          ]
        }
      ]
    },
    {
      "mode": "managed",
      "type": "aws_iam_role_policy_attachment",
      "name": "cluster_AmazonEKSNetworkingPolicy",
      "provider": "provider[\"registry.terraform.io/hashicorp/aws\"]",
      "instances": [
        {
          "schema_version": 0,
          "attributes": {
            "id": "eks-cluster-example-6332e013-20250927134613450300000005",
            "policy_arn": "arn:aws:iam::aws:policy/AmazonEKSNetworkingPolicy",
            "role": "eks-cluster-example-6332e013"
          },
          "sensitive_attributes": [],
          "identity_schema_version": 0,
          "private": "bnVsbA==",
          "dependencies": [
            "aws_iam_role.cluster",
            "random_id.env_display_id"
          ]
        }
      ]
    },
    {
      "mode": "managed",
      "type": "aws_iam_role_policy_attachment",
      "name": "node_AmazonEC2ContainerRegistryPullOnly",
      "provider": "provider[\"registry.terraform.io/hashicorp/aws\"]",
      "instances": [
        {
          "schema_version": 0,
          "attributes": {
            "id": "eks-auto-node-example-6332e013-20250927134612680400000002",
            "policy_arn": "arn:aws:iam::aws:policy/AmazonEC2ContainerRegistryPullOnly",
            "role": "eks-auto-node-example-6332e013"
          },
          "sensitive_attributes": [],
          "identity_schema_version": 0,
          "private": "bnVsbA==",
          "dependencies": [
            "aws_iam_role.node",
            "random_id.env_display_id"
          ]
        }
      ]
    },
    {
      "mode": "managed",
      "type": "aws_iam_role_policy_attachment",
      "name": "node_AmazonEKSWorkerNodeMinimalPolicy",
      "provider": "provider[\"registry.terraform.io/hashicorp/aws\"]",
      "instances": [
        {
          "schema_version": 0,
          "attributes": {
            "id": "eks-auto-node-example-6332e013-20250927134612525200000001",
            "policy_arn": "arn:aws:iam::aws:policy/AmazonEKSWorkerNodeMinimalPolicy",
            "role": "eks-auto-node-example-6332e013"
          },
          "sensitive_attributes": [],
          "identity_schema_version": 0,
          "private": "bnVsbA==",
          "dependencies": [
            "aws_iam_role.node",
            "random_id.env_display_id"
          ]
        }
      ]
    },
    {
      "mode": "managed",
      "type": "aws_instance",
      "name": "oracle_instance",
      "provider": "provider[\"registry.terraform.io/hashicorp/aws\"]",
      "instances": [
        {
          "schema_version": 1,
          "attributes": {
            "ami": "ami-08982f1c5bf93d976",
            "arn": "arn:aws:ec2:us-east-1:374103992698:instance/i-028d0a85ae7a1d05c",
            "associate_public_ip_address": true,
            "availability_zone": "us-east-1a",
            "capacity_reservation_specification": [
              {
                "capacity_reservation_preference": "open",
                "capacity_reservation_target": []
              }
            ],
            "cpu_core_count": 1,
            "cpu_options": [
              {
                "amd_sev_snp": "",
                "core_count": 1,
                "threads_per_core": 2
              }
            ],
            "cpu_threads_per_core": 2,
            "credit_specification": [
              {
                "cpu_credits": "unlimited"
              }
            ],
            "disable_api_stop": false,
            "disable_api_termination": false,
            "ebs_block_device": [],
            "ebs_optimized": false,
            "enable_primary_ipv6": null,
            "enclave_options": [
              {
                "enabled": false
              }
            ],
            "ephemeral_block_device": [],
            "get_password_data": false,
            "hibernation": false,
            "host_id": "",
            "host_resource_group_arn": null,
            "iam_instance_profile": "",
            "id": "i-028d0a85ae7a1d05c",
            "instance_initiated_shutdown_behavior": "stop",
            "instance_lifecycle": "",
            "instance_market_options": [],
            "instance_state": "running",
            "instance_type": "t3.large",
            "ipv6_address_count": 0,
            "ipv6_addresses": [],
            "key_name": "frauddetectiondemo-key-6332e013",
            "launch_template": [],
            "maintenance_options": [
              {
                "auto_recovery": "default"
              }
            ],
            "metadata_options": [
              {
                "http_endpoint": "enabled",
                "http_protocol_ipv6": "disabled",
                "http_put_response_hop_limit": 2,
                "http_tokens": "required",
                "instance_metadata_tags": "disabled"
              }
            ],
            "monitoring": false,
            "network_interface": [],
            "outpost_arn": "",
            "password_data": "",
            "placement_group": "",
            "placement_partition_number": 0,
            "primary_network_interface_id": "eni-0a469209eda4500a4",
            "private_dns": "ip-10-0-1-150.ec2.internal",
            "private_dns_name_options": [
              {
                "enable_resource_name_dns_a_record": false,
                "enable_resource_name_dns_aaaa_record": false,
                "hostname_type": "ip-name"
              }
            ],
            "private_ip": "10.0.1.150",
            "public_dns": "ec2-34-228-83-205.compute-1.amazonaws.com",
            "public_ip": "34.228.83.205",
            "root_block_device": [
              {
                "delete_on_termination": true,
                "device_name": "/dev/xvda",
                "encrypted": false,
                "iops": 3000,
                "kms_key_id": "",
                "tags": {},
                "tags_all": {},
                "throughput": 125,
                "volume_id": "vol-0af6fd5ca8d53f605",
                "volume_size": 30,
                "volume_type": "gp3"
              }
            ],
            "secondary_private_ips": [],
            "security_groups": [],
            "source_dest_check": true,
            "spot_instance_request_id": "",
            "subnet_id": "subnet-0a1d335639a21b54c",
            "tags": {
              "Name": "frauddetectiondemo-oracle-xe"
            },
            "tags_all": {
              "Name": "frauddetectiondemo-oracle-xe"
            },
            "tenancy": "default",
            "timeouts": null,
            "user_data": "3e9c1b03477cce9c9a70ebe6f4a58e6a404b7dca",
            "user_data_base64": null,
            "user_data_replace_on_change": true,
            "volume_tags": null,
            "vpc_security_group_ids": [
              "sg-0dc6f7385f68ea5e0"
            ]
          },
          "sensitive_attributes": [],
          "identity_schema_version": 0,
          "private": "eyJlMmJmYjczMC1lY2FhLTExZTYtOGY4OC0zNDM2M2JjN2M0YzAiOnsiY3JlYXRlIjo2MDAwMDAwMDAwMDAsImRlbGV0ZSI6MTIwMDAwMDAwMDAwMCwicmVhZCI6OTAwMDAwMDAwMDAwLCJ1cGRhdGUiOjYwMDAwMDAwMDAwMH0sInNjaGVtYV92ZXJzaW9uIjoiMSJ9",
          "dependencies": [
            "aws_key_pair.tf_key",
            "aws_security_group.allow_ssh_oracle",
            "aws_subnet.public_subnets",
            "aws_vpc.main",
            "data.aws_ami.oracle_ami",
            "data.aws_availability_zones.available",
            "random_id.env_display_id",
            "tls_private_key.rsa-4096-example"
          ]
        }
      ]
    },
    {
      "mode": "managed",
      "type": "aws_internet_gateway",
      "name": "igw",
      "provider": "provider[\"registry.terraform.io/hashicorp/aws\"]",
      "instances": [
        {
          "schema_version": 0,
          "attributes": {
            "arn": "arn:aws:ec2:us-east-1:374103992698:internet-gateway/igw-0aa3839d41d65644d",
            "id": "igw-0aa3839d41d65644d",
            "owner_id": "374103992698",
            "tags": {
              "Name": "frauddetectiondemo-internet-gateway-6332e013"
            },
            "tags_all": {
              "Name": "frauddetectiondemo-internet-gateway-6332e013"
            },
            "timeouts": null,
            "vpc_id": "vpc-002b8a1994de1c998"
          },
          "sensitive_attributes": [],
          "identity_schema_version": 0,
          "private": "eyJlMmJmYjczMC1lY2FhLTExZTYtOGY4OC0zNDM2M2JjN2M0YzAiOnsiY3JlYXRlIjoxMjAwMDAwMDAwMDAwLCJkZWxldGUiOjEyMDAwMDAwMDAwMDAsInVwZGF0ZSI6MTIwMDAwMDAwMDAwMH19",
          "dependencies": [
            "aws_vpc.main",
            "random_id.env_display_id"
          ]
        }
      ]
    },
    {
      "mode": "managed",
      "type": "aws_key_pair",
      "name": "tf_key",
      "provider": "provider[\"registry.terraform.io/hashicorp/aws\"]",
      "instances": [
        {
          "schema_version": 1,
          "attributes": {
            "arn": "arn:aws:ec2:us-east-1:374103992698:key-pair/frauddetectiondemo-key-6332e013",
            "fingerprint": "c6:2f:9e:cf:ab:a2:92:60:90:d9:23:91:62:15:9d:15",
            "id": "frauddetectiondemo-key-6332e013",
            "key_name": "frauddetectiondemo-key-6332e013",
            "key_name_prefix": "",
            "key_pair_id": "key-0e7872ee7f8aa168c",
            "key_type": "rsa",
            "public_key": "ssh-rsa AAAAB3NzaC1yc2EAAAADAQABAAACAQCfdRz0i5WEHZ6SEVkUYFkOjG4x08mkmti+CxKczPHrLUampqNbiBc7BhfQv7fypUrLXnFhH+Dg25U1dRWjyNS5MbBoEQYHGjnhA6GsRMMnTEPcqg5woT7x8k/vIKT4jip1O1u80jhRu3jRbeVs9G5WOXh0xQMpq9dTY0z0dkGN/7PJGgEc41eEL7127rQ2b6+SAH5A3HkhnjB0/G8M/voVB+Vmp6XvliJNCaFsk+nBPFmdhHQH1CFgImDNTt76BoZhulzgobbSQXJhjPNLNfqzbJeyEEqmqjW6gc/XRtY8vJ6RRQ+SxXjz3Ob8HLjOPnS0i79lab3Spj74I+EuqBx0h4jq8/UGDfGN8sQSaSHmi8ZaEPdkMw0KdkkgBm2g9MG/cBj2GhRY6LR7/w1Eo02wny5/3E1c+qlm6CLsUL44NQc2Sy+QqZ6u5TWlDUjSdIpx5uVt2r8Z89FVvTKfRJ+2RMKoN8esTpd23s2sjLAlqtstsXs2V1eSYiGwnjzsMeh+BGHbAlyguMr4bScAxJsTLqdCKw7RbIGZCqVzc+2FEpY2q++T8mhhcSeL4C27OA7r0J2Zh2BXhzE7c0EYByGvU1uwsZN7qAE1XnEy0W6rcs8/JAXduFuxiehdN7l1FyaoDSwt7cWy6PfyX8cNICVFf5wWr++/4pbtcNnrO1Bf2w==",
            "tags": {},
            "tags_all": {}
          },
          "sensitive_attributes": [],
          "identity_schema_version": 0,
          "private": "eyJzY2hlbWFfdmVyc2lvbiI6IjEifQ==",
          "dependencies": [
            "random_id.env_display_id",
            "tls_private_key.rsa-4096-example"
          ]
        }
      ]
    },
    {
      "mode": "managed",
      "type": "aws_nat_gateway",
      "name": "natgw",
      "provider": "provider[\"registry.terraform.io/hashicorp/aws\"]",
      "instances": [
        {
          "schema_version": 0,
          "attributes": {
            "allocation_id": "eipalloc-0d39762f070b848c4",
            "association_id": "eipassoc-0c7274a3933974f33",
            "connectivity_type": "public",
            "id": "nat-0c969060efe2e4b18",
            "network_interface_id": "eni-06391f946ff16a5c4",
            "private_ip": "10.0.2.185",
            "public_ip": "98.88.119.2",
            "secondary_allocation_ids": [],
            "secondary_private_ip_address_count": 0,
            "secondary_private_ip_addresses": [],
            "subnet_id": "subnet-07e070b6653a9504f",
            "tags": {
              "Name": "frauddetectiondemo-nat-gateway-6332e013"
            },
            "tags_all": {
              "Name": "frauddetectiondemo-nat-gateway-6332e013"
            },
            "timeouts": null
          },
          "sensitive_attributes": [],
          "identity_schema_version": 0,
          "private": "eyJlMmJmYjczMC1lY2FhLTExZTYtOGY4OC0zNDM2M2JjN2M0YzAiOnsiY3JlYXRlIjo2MDAwMDAwMDAwMDAsImRlbGV0ZSI6MTgwMDAwMDAwMDAwMCwidXBkYXRlIjo2MDAwMDAwMDAwMDB9fQ==",
          "dependencies": [
            "aws_eip.eip",
            "aws_subnet.public_subnets",
            "aws_vpc.main",
            "data.aws_availability_zones.available",
            "random_id.env_display_id"
          ]
        }
      ]
    },
    {
      "mode": "managed",
      "type": "aws_opensearch_domain",
      "name": "OpenSearch",
      "provider": "provider[\"registry.terraform.io/hashicorp/aws\"]",
      "instances": [
        {
          "schema_version": 0,
          "attributes": {
            "access_policies": "{\"Statement\":[{\"Action\":\"es:*\",\"Effect\":\"Allow\",\"Principal\":{\"AWS\":\"*\"},\"Resource\":\"arn:aws:es:us-east-1:374103992698:domain/frauddetectiondemo-6332e013/*\"}],\"Version\":\"2012-10-17\"}",
            "advanced_options": {},
            "advanced_security_options": [
              {
                "anonymous_auth_enabled": false,
                "enabled": true,
                "internal_user_database_enabled": true,
                "master_user_options": [
                  {
                    "master_user_arn": "",
                    "master_user_name": "admin",
                    "master_user_password": "Admin123456!"
                  }
                ]
              }
            ],
            "arn": "arn:aws:es:us-east-1:374103992698:domain/frauddetectiondemo-6332e013",
            "auto_tune_options": [
              {
                "desired_state": "DISABLED",
                "maintenance_schedule": [],
                "rollback_on_disable": "NO_ROLLBACK",
                "use_off_peak_window": false
              }
            ],
            "cluster_config": [
              {
                "cold_storage_options": [
                  {
                    "enabled": false
                  }
                ],
                "dedicated_master_count": 0,
                "dedicated_master_enabled": false,
                "dedicated_master_type": "",
                "instance_count": 3,
                "instance_type": "t3.small.search",
                "multi_az_with_standby_enabled": false,
                "warm_count": 0,
                "warm_enabled": false,
                "warm_type": "",
                "zone_awareness_config": [
                  {
                    "availability_zone_count": 3
                  }
                ],
                "zone_awareness_enabled": true
              }
            ],
            "cognito_options": [
              {
                "enabled": false,
                "identity_pool_id": "",
                "role_arn": "",
                "user_pool_id": ""
              }
            ],
            "dashboard_endpoint": "search-frauddetectiondemo-6332e013-2gpea5ib2sttxckxkfzzstzi3q.us-east-1.es.amazonaws.com/_dashboards",
            "dashboard_endpoint_v2": null,
            "domain_endpoint_options": [
              {
                "custom_endpoint": "",
                "custom_endpoint_certificate_arn": "",
                "custom_endpoint_enabled": false,
                "enforce_https": true,
                "tls_security_policy": "Policy-Min-TLS-1-2-2019-07"
              }
            ],
            "domain_endpoint_v2_hosted_zone_id": "",
            "domain_id": "374103992698/frauddetectiondemo-6332e013",
            "domain_name": "frauddetectiondemo-6332e013",
            "ebs_options": [
              {
                "ebs_enabled": true,
                "iops": 0,
                "throughput": 0,
                "volume_size": 10,
                "volume_type": "gp2"
              }
            ],
            "encrypt_at_rest": [
              {
                "enabled": true,
                "kms_key_id": "arn:aws:kms:us-east-1:374103992698:key/836b331e-006f-45ec-b8d2-31e4983707e0"
              }
            ],
            "endpoint": "search-frauddetectiondemo-6332e013-2gpea5ib2sttxckxkfzzstzi3q.us-east-1.es.amazonaws.com",
            "endpoint_v2": null,
            "engine_version": "OpenSearch_3.1",
            "id": "arn:aws:es:us-east-1:374103992698:domain/frauddetectiondemo-6332e013",
            "ip_address_type": "ipv4",
            "kibana_endpoint": "search-frauddetectiondemo-6332e013-2gpea5ib2sttxckxkfzzstzi3q.us-east-1.es.amazonaws.com/_plugin/kibana/",
            "log_publishing_options": [],
            "node_to_node_encryption": [
              {
                "enabled": true
              }
            ],
            "off_peak_window_options": [
              {
                "enabled": true,
                "off_peak_window": [
                  {
                    "window_start_time": [
                      {
                        "hours": 2,
                        "minutes": 0
                      }
                    ]
                  }
                ]
              }
            ],
            "snapshot_options": [
              {
                "automated_snapshot_start_hour": 0
              }
            ],
            "software_update_options": [
              {
                "auto_software_update_enabled": false
              }
            ],
            "tags": {
              "Name": "frauddetectiondemo-opensearch-6332e013"
            },
            "tags_all": {
              "Name": "frauddetectiondemo-opensearch-6332e013"
            },
            "timeouts": null,
            "vpc_options": []
          },
          "sensitive_attributes": [
            [
              {
                "type": "get_attr",
                "value": "advanced_security_options"
              },
              {
                "type": "index",
                "value": {
                  "value": 0,
                  "type": "number"
                }
              },
              {
                "type": "get_attr",
                "value": "master_user_options"
              },
              {
                "type": "index",
                "value": {
                  "value": 0,
                  "type": "number"
                }
              },
              {
                "type": "get_attr",
                "value": "master_user_password"
              }
            ]
          ],
          "identity_schema_version": 0,
          "private": "eyJlMmJmYjczMC1lY2FhLTExZTYtOGY4OC0zNDM2M2JjN2M0YzAiOnsiY3JlYXRlIjo3MjAwMDAwMDAwMDAwLCJkZWxldGUiOjU0MDAwMDAwMDAwMDAsInVwZGF0ZSI6MTA4MDAwMDAwMDAwMDB9fQ==",
          "dependencies": [
            "data.aws_caller_identity.current",
            "random_id.env_display_id"
          ]
        }
      ]
    },
    {
      "mode": "managed",
      "type": "aws_redshift_cluster",
      "name": "redshift_cluster",
      "provider": "provider[\"registry.terraform.io/hashicorp/aws\"]",
      "instances": [
        {
          "schema_version": 0,
          "attributes": {
            "allow_version_upgrade": true,
            "apply_immediately": false,
            "aqua_configuration_status": "auto",
            "arn": "arn:aws:redshift:us-east-1:374103992698:cluster:frauddetectiondemo-redshift-cluster-6332e013",
            "automated_snapshot_retention_period": 1,
            "availability_zone": "us-east-1b",
            "availability_zone_relocation_enabled": false,
            "cluster_identifier": "frauddetectiondemo-redshift-cluster-6332e013",
            "cluster_namespace_arn": "arn:aws:redshift:us-east-1:374103992698:namespace:b45e6cd8-c77f-42c7-8871-4eb076c240eb",
            "cluster_nodes": [
              {
                "node_role": "SHARED",
                "private_ip_address": "10.0.2.154",
                "public_ip_address": "98.87.139.39"
              }
            ],
            "cluster_parameter_group_name": "default.redshift-2.0",
            "cluster_public_key": "ssh-rsa AAAAB3NzaC1yc2EAAAADAQABAAABAQDAdefEb1Q8WOQ3hmkMA1eK33kY2o3lle2iSRIT4n5FaSjrDQEbwpMjlB1PzYkH3/mpJOHhtN+iZgfhNiZSzzwxzlrXI4aN1ZoUXr8yNGbOa72+buF2J96PbuFhhQJrgwKkz5b32Pt6UahX/loum6r2Zl7a/tEedoePXRPlYH0tLb2SUak2eyt0kUhra3xoBzn7F+3BdNZA/TRkmSNAPyTKVy0SjfFvA/gn/x/AmlkDmLTHLxbSMzXSL0dmmofMqgdeREWY/lo00pVYfsstyF0hsRZqQLbjMomy1/YYEHtxAIaOVx1Aw7w6FVCxyT94g169gXNbNXB4beoY/jvhN/Gr Amazon-Redshift\n",
            "cluster_revision_number": "124422",
            "cluster_subnet_group_name": "frauddetectiondemo-redshift-subnet-group-6332e013",
            "cluster_type": "single-node",
            "cluster_version": "1.0",
            "database_name": "frauddetection",
            "default_iam_role_arn": "",
            "dns_name": "frauddetectiondemo-redshift-cluster-6332e013.cvc43699rhpg.us-east-1.redshift.amazonaws.com",
            "elastic_ip": null,
            "encrypted": false,
            "endpoint": "frauddetectiondemo-redshift-cluster-6332e013.cvc43699rhpg.us-east-1.redshift.amazonaws.com:5439",
            "enhanced_vpc_routing": false,
            "final_snapshot_identifier": null,
            "iam_roles": [],
            "id": "frauddetectiondemo-redshift-cluster-6332e013",
            "kms_key_id": "AWS_OWNED_KMS_KEY",
            "logging": [
              {
                "bucket_name": "",
                "enable": false,
                "log_destination_type": "",
                "log_exports": [],
                "s3_key_prefix": ""
              }
            ],
            "maintenance_track_name": "current",
            "manage_master_password": null,
            "manual_snapshot_retention_period": -1,
            "master_password": "Admin123456!",
            "master_password_secret_arn": "",
            "master_password_secret_kms_key_id": "",
            "master_username": "admin",
            "multi_az": false,
            "node_type": "ra3.large",
            "number_of_nodes": 1,
            "owner_account": null,
            "port": 5439,
            "preferred_maintenance_window": "tue:04:00-tue:04:30",
            "publicly_accessible": true,
            "skip_final_snapshot": true,
            "snapshot_arn": null,
            "snapshot_cluster_identifier": null,
            "snapshot_copy": [],
            "snapshot_identifier": null,
            "tags": {
              "Name": "frauddetectiondemo-redshift-cluster-6332e013"
            },
            "tags_all": {
              "Name": "frauddetectiondemo-redshift-cluster-6332e013"
            },
            "timeouts": null,
            "vpc_security_group_ids": [
              "sg-0fa5fd94b5904d40a"
            ]
          },
          "sensitive_attributes": [
            [
              {
                "type": "get_attr",
                "value": "master_password"
              }
            ]
          ],
          "identity_schema_version": 0,
          "private": "eyJlMmJmYjczMC1lY2FhLTExZTYtOGY4OC0zNDM2M2JjN2M0YzAiOnsiY3JlYXRlIjo0NTAwMDAwMDAwMDAwLCJkZWxldGUiOjI0MDAwMDAwMDAwMDAsInVwZGF0ZSI6NDUwMDAwMDAwMDAwMH19",
          "dependencies": [
            "aws_redshift_subnet_group.redshift_subnet_group",
            "aws_security_group.redshift_sg",
            "aws_subnet.public_subnets",
            "aws_vpc.main",
            "data.aws_availability_zones.available",
            "random_id.env_display_id"
          ]
        }
      ]
    },
    {
      "mode": "managed",
      "type": "aws_redshift_subnet_group",
      "name": "redshift_subnet_group",
      "provider": "provider[\"registry.terraform.io/hashicorp/aws\"]",
      "instances": [
        {
          "schema_version": 0,
          "attributes": {
            "arn": "arn:aws:redshift:us-east-1:374103992698:subnetgroup:frauddetectiondemo-redshift-subnet-group-6332e013",
            "description": "Managed by Terraform",
            "id": "frauddetectiondemo-redshift-subnet-group-6332e013",
            "name": "frauddetectiondemo-redshift-subnet-group-6332e013",
            "subnet_ids": [
              "subnet-06736326e12331e50",
              "subnet-07e070b6653a9504f",
              "subnet-0a1d335639a21b54c"
            ],
            "tags": {
              "Name": "frauddetectiondemo-redshift-subnet-group-6332e013"
            },
            "tags_all": {
              "Name": "frauddetectiondemo-redshift-subnet-group-6332e013"
            }
          },
          "sensitive_attributes": [],
          "identity_schema_version": 0,
          "private": "bnVsbA==",
          "dependencies": [
            "aws_subnet.public_subnets",
            "aws_vpc.main",
            "data.aws_availability_zones.available",
            "random_id.env_display_id"
          ]
        }
      ]
    },
    {
      "mode": "managed",
      "type": "aws_redshiftdata_statement",
      "name": "create_schema",
      "provider": "provider[\"registry.terraform.io/hashicorp/aws\"]",
      "instances": [
        {
          "schema_version": 0,
          "attributes": {
            "cluster_identifier": "frauddetectiondemo-redshift-cluster-6332e013",
            "database": "frauddetection",
            "db_user": "admin",
            "id": "84f1cb86-4ea0-4212-afd3-2f696a10bf46",
            "parameters": [],
            "secret_arn": "",
            "sql": "create schema sample authorization admin;",
            "statement_name": null,
            "timeouts": null,
            "with_event": null,
            "workgroup_name": ""
          },
          "sensitive_attributes": [],
          "identity_schema_version": 0,
          "private": "eyJlMmJmYjczMC1lY2FhLTExZTYtOGY4OC0zNDM2M2JjN2M0YzAiOnsiY3JlYXRlIjo2MDAwMDAwMDAwMDB9fQ==",
          "dependencies": [
            "aws_redshift_cluster.redshift_cluster",
            "aws_redshift_subnet_group.redshift_subnet_group",
            "aws_security_group.redshift_sg",
            "aws_subnet.public_subnets",
            "aws_vpc.main",
            "data.aws_availability_zones.available",
            "random_id.env_display_id"
          ]
        }
      ]
    },
    {
      "mode": "managed",
      "type": "aws_redshiftdata_statement",
      "name": "grant_all_schema",
      "provider": "provider[\"registry.terraform.io/hashicorp/aws\"]",
      "instances": [
        {
          "schema_version": 0,
          "attributes": {
            "cluster_identifier": "frauddetectiondemo-redshift-cluster-6332e013",
            "database": "frauddetection",
            "db_user": "admin",
            "id": "40a71aeb-86ce-45cf-ad54-58d275e90a7e",
            "parameters": [],
            "secret_arn": "",
            "sql": "GRANT ALL ON SCHEMA sample TO admin;",
            "statement_name": null,
            "timeouts": null,
            "with_event": null,
            "workgroup_name": ""
          },
          "sensitive_attributes": [],
          "identity_schema_version": 0,
          "private": "eyJlMmJmYjczMC1lY2FhLTExZTYtOGY4OC0zNDM2M2JjN2M0YzAiOnsiY3JlYXRlIjo2MDAwMDAwMDAwMDB9fQ==",
          "dependencies": [
            "aws_redshift_cluster.redshift_cluster",
            "aws_redshift_subnet_group.redshift_subnet_group",
            "aws_redshiftdata_statement.create_schema",
            "aws_redshiftdata_statement.grant_create_schema",
            "aws_redshiftdata_statement.grant_select_schema",
            "aws_redshiftdata_statement.grant_usage_schema",
            "aws_security_group.redshift_sg",
            "aws_subnet.public_subnets",
            "aws_vpc.main",
            "data.aws_availability_zones.available",
            "random_id.env_display_id"
          ]
        }
      ]
    },
    {
      "mode": "managed",
      "type": "aws_redshiftdata_statement",
      "name": "grant_create_database",
      "provider": "provider[\"registry.terraform.io/hashicorp/aws\"]",
      "instances": [
        {
          "schema_version": 0,
          "attributes": {
            "cluster_identifier": "frauddetectiondemo-redshift-cluster-6332e013",
            "database": "frauddetection",
            "db_user": "admin",
            "id": "ac1fffab-fa2e-4be8-be62-9914330a0ddf",
            "parameters": [],
            "secret_arn": "",
            "sql": "GRANT CREATE ON DATABASE frauddetection TO admin;",
            "statement_name": null,
            "timeouts": null,
            "with_event": null,
            "workgroup_name": ""
          },
          "sensitive_attributes": [],
          "identity_schema_version": 0,
          "private": "eyJlMmJmYjczMC1lY2FhLTExZTYtOGY4OC0zNDM2M2JjN2M0YzAiOnsiY3JlYXRlIjo2MDAwMDAwMDAwMDB9fQ==",
          "dependencies": [
            "aws_redshift_cluster.redshift_cluster",
            "aws_redshift_subnet_group.redshift_subnet_group",
            "aws_redshiftdata_statement.create_schema",
            "aws_redshiftdata_statement.grant_all_schema",
            "aws_redshiftdata_statement.grant_create_schema",
            "aws_redshiftdata_statement.grant_select_schema",
            "aws_redshiftdata_statement.grant_usage_schema",
            "aws_security_group.redshift_sg",
            "aws_subnet.public_subnets",
            "aws_vpc.main",
            "data.aws_availability_zones.available",
            "random_id.env_display_id"
          ]
        }
      ]
    },
    {
      "mode": "managed",
      "type": "aws_redshiftdata_statement",
      "name": "grant_create_schema",
      "provider": "provider[\"registry.terraform.io/hashicorp/aws\"]",
      "instances": [
        {
          "schema_version": 0,
          "attributes": {
            "cluster_identifier": "frauddetectiondemo-redshift-cluster-6332e013",
            "database": "frauddetection",
            "db_user": "admin",
            "id": "a54c8916-67af-4f3e-bd25-1e951b0e455b",
            "parameters": [],
            "secret_arn": "",
            "sql": "GRANT CREATE ON SCHEMA sample TO admin;",
            "statement_name": null,
            "timeouts": null,
            "with_event": null,
            "workgroup_name": ""
          },
          "sensitive_attributes": [],
          "identity_schema_version": 0,
          "private": "eyJlMmJmYjczMC1lY2FhLTExZTYtOGY4OC0zNDM2M2JjN2M0YzAiOnsiY3JlYXRlIjo2MDAwMDAwMDAwMDB9fQ==",
          "dependencies": [
            "aws_redshift_cluster.redshift_cluster",
            "aws_redshift_subnet_group.redshift_subnet_group",
            "aws_redshiftdata_statement.create_schema",
            "aws_redshiftdata_statement.grant_usage_schema",
            "aws_security_group.redshift_sg",
            "aws_subnet.public_subnets",
            "aws_vpc.main",
            "data.aws_availability_zones.available",
            "random_id.env_display_id"
          ]
        }
      ]
    },
    {
      "mode": "managed",
      "type": "aws_redshiftdata_statement",
      "name": "grant_select_schema",
      "provider": "provider[\"registry.terraform.io/hashicorp/aws\"]",
      "instances": [
        {
          "schema_version": 0,
          "attributes": {
            "cluster_identifier": "frauddetectiondemo-redshift-cluster-6332e013",
            "database": "frauddetection",
            "db_user": "admin",
            "id": "106a5553-f4d0-4836-af3d-3e7396b6af1e",
            "parameters": [],
            "secret_arn": "",
            "sql": "GRANT SELECT ON ALL TABLES IN SCHEMA sample TO admin;",
            "statement_name": null,
            "timeouts": null,
            "with_event": null,
            "workgroup_name": ""
          },
          "sensitive_attributes": [],
          "identity_schema_version": 0,
          "private": "eyJlMmJmYjczMC1lY2FhLTExZTYtOGY4OC0zNDM2M2JjN2M0YzAiOnsiY3JlYXRlIjo2MDAwMDAwMDAwMDB9fQ==",
          "dependencies": [
            "aws_redshift_cluster.redshift_cluster",
            "aws_redshift_subnet_group.redshift_subnet_group",
            "aws_redshiftdata_statement.create_schema",
            "aws_redshiftdata_statement.grant_create_schema",
            "aws_redshiftdata_statement.grant_usage_schema",
            "aws_security_group.redshift_sg",
            "aws_subnet.public_subnets",
            "aws_vpc.main",
            "data.aws_availability_zones.available",
            "random_id.env_display_id"
          ]
        }
      ]
    },
    {
      "mode": "managed",
      "type": "aws_redshiftdata_statement",
      "name": "grant_usage_schema",
      "provider": "provider[\"registry.terraform.io/hashicorp/aws\"]",
      "instances": [
        {
          "schema_version": 0,
          "attributes": {
            "cluster_identifier": "frauddetectiondemo-redshift-cluster-6332e013",
            "database": "frauddetection",
            "db_user": "admin",
            "id": "114b9f80-537b-438b-a0f4-c72629a86fba",
            "parameters": [],
            "secret_arn": "",
            "sql": "GRANT USAGE ON SCHEMA sample TO admin;",
            "statement_name": null,
            "timeouts": null,
            "with_event": null,
            "workgroup_name": ""
          },
          "sensitive_attributes": [],
          "identity_schema_version": 0,
          "private": "eyJlMmJmYjczMC1lY2FhLTExZTYtOGY4OC0zNDM2M2JjN2M0YzAiOnsiY3JlYXRlIjo2MDAwMDAwMDAwMDB9fQ==",
          "dependencies": [
            "aws_redshift_cluster.redshift_cluster",
            "aws_redshift_subnet_group.redshift_subnet_group",
            "aws_redshiftdata_statement.create_schema",
            "aws_security_group.redshift_sg",
            "aws_subnet.public_subnets",
            "aws_vpc.main",
            "data.aws_availability_zones.available",
            "random_id.env_display_id"
          ]
        }
      ]
    },
    {
      "mode": "managed",
      "type": "aws_route_table",
      "name": "private_route_table",
      "provider": "provider[\"registry.terraform.io/hashicorp/aws\"]",
      "instances": [
        {
          "schema_version": 0,
          "attributes": {
            "arn": "arn:aws:ec2:us-east-1:374103992698:route-table/rtb-0139cd204a594b935",
            "id": "rtb-0139cd204a594b935",
            "owner_id": "374103992698",
            "propagating_vgws": [],
            "route": [
              {
                "carrier_gateway_id": "",
                "cidr_block": "0.0.0.0/0",
                "core_network_arn": "",
                "destination_prefix_list_id": "",
                "egress_only_gateway_id": "",
                "gateway_id": "",
                "ipv6_cidr_block": "",
                "local_gateway_id": "",
                "nat_gateway_id": "nat-0c969060efe2e4b18",
                "network_interface_id": "",
                "transit_gateway_id": "",
                "vpc_endpoint_id": "",
                "vpc_peering_connection_id": ""
              }
            ],
            "tags": {
              "Name": "frauddetectiondemo-private-route-table-6332e013"
            },
            "tags_all": {
              "Name": "frauddetectiondemo-private-route-table-6332e013"
            },
            "timeouts": null,
            "vpc_id": "vpc-002b8a1994de1c998"
          },
          "sensitive_attributes": [],
          "identity_schema_version": 0,
          "private": "eyJlMmJmYjczMC1lY2FhLTExZTYtOGY4OC0zNDM2M2JjN2M0YzAiOnsiY3JlYXRlIjozMDAwMDAwMDAwMDAsImRlbGV0ZSI6MzAwMDAwMDAwMDAwLCJ1cGRhdGUiOjEyMDAwMDAwMDAwMH19",
          "dependencies": [
            "aws_eip.eip",
            "aws_nat_gateway.natgw",
            "aws_subnet.public_subnets",
            "aws_vpc.main",
            "data.aws_availability_zones.available",
            "random_id.env_display_id"
          ]
        }
      ]
    },
    {
      "mode": "managed",
      "type": "aws_route_table",
      "name": "public_route_table",
      "provider": "provider[\"registry.terraform.io/hashicorp/aws\"]",
      "instances": [
        {
          "schema_version": 0,
          "attributes": {
            "arn": "arn:aws:ec2:us-east-1:374103992698:route-table/rtb-063ae4604e995e25c",
            "id": "rtb-063ae4604e995e25c",
            "owner_id": "374103992698",
            "propagating_vgws": [],
            "route": [
              {
                "carrier_gateway_id": "",
                "cidr_block": "0.0.0.0/0",
                "core_network_arn": "",
                "destination_prefix_list_id": "",
                "egress_only_gateway_id": "",
                "gateway_id": "igw-0aa3839d41d65644d",
                "ipv6_cidr_block": "",
                "local_gateway_id": "",
                "nat_gateway_id": "",
                "network_interface_id": "",
                "transit_gateway_id": "",
                "vpc_endpoint_id": "",
                "vpc_peering_connection_id": ""
              }
            ],
            "tags": {
              "Name": "frauddetectiondemo-public-route-table-6332e013"
            },
            "tags_all": {
              "Name": "frauddetectiondemo-public-route-table-6332e013"
            },
            "timeouts": null,
            "vpc_id": "vpc-002b8a1994de1c998"
          },
          "sensitive_attributes": [],
          "identity_schema_version": 0,
          "private": "eyJlMmJmYjczMC1lY2FhLTExZTYtOGY4OC0zNDM2M2JjN2M0YzAiOnsiY3JlYXRlIjozMDAwMDAwMDAwMDAsImRlbGV0ZSI6MzAwMDAwMDAwMDAwLCJ1cGRhdGUiOjEyMDAwMDAwMDAwMH19",
          "dependencies": [
            "aws_internet_gateway.igw",
            "aws_vpc.main",
            "random_id.env_display_id"
          ]
        }
      ]
    },
    {
      "mode": "managed",
      "type": "aws_route_table_association",
      "name": "pri_subnet_associations",
      "provider": "provider[\"registry.terraform.io/hashicorp/aws\"]",
      "instances": [
        {
          "index_key": 0,
          "schema_version": 0,
          "attributes": {
            "gateway_id": "",
            "id": "rtbassoc-0f9a552cfe7ae8ebc",
            "route_table_id": "rtb-0139cd204a594b935",
            "subnet_id": "subnet-0dad37453c444c54a",
            "timeouts": null
          },
          "sensitive_attributes": [],
          "identity_schema_version": 0,
          "private": "eyJlMmJmYjczMC1lY2FhLTExZTYtOGY4OC0zNDM2M2JjN2M0YzAiOnsiY3JlYXRlIjozMDAwMDAwMDAwMDAsImRlbGV0ZSI6MzAwMDAwMDAwMDAwLCJ1cGRhdGUiOjEyMDAwMDAwMDAwMH19",
          "dependencies": [
            "aws_eip.eip",
            "aws_nat_gateway.natgw",
            "aws_route_table.private_route_table",
            "aws_subnet.private_subnets",
            "aws_subnet.public_subnets",
            "aws_vpc.main",
            "data.aws_availability_zones.available",
            "random_id.env_display_id"
          ]
        },
        {
          "index_key": 1,
          "schema_version": 0,
          "attributes": {
            "gateway_id": "",
            "id": "rtbassoc-037b01c1a4f34ea9f",
            "route_table_id": "rtb-0139cd204a594b935",
            "subnet_id": "subnet-06c6c3542c558e4e5",
            "timeouts": null
          },
          "sensitive_attributes": [],
          "identity_schema_version": 0,
          "private": "eyJlMmJmYjczMC1lY2FhLTExZTYtOGY4OC0zNDM2M2JjN2M0YzAiOnsiY3JlYXRlIjozMDAwMDAwMDAwMDAsImRlbGV0ZSI6MzAwMDAwMDAwMDAwLCJ1cGRhdGUiOjEyMDAwMDAwMDAwMH19",
          "dependencies": [
            "aws_eip.eip",
            "aws_nat_gateway.natgw",
            "aws_route_table.private_route_table",
            "aws_subnet.private_subnets",
            "aws_subnet.public_subnets",
            "aws_vpc.main",
            "data.aws_availability_zones.available",
            "random_id.env_display_id"
          ]
        },
        {
          "index_key": 2,
          "schema_version": 0,
          "attributes": {
            "gateway_id": "",
            "id": "rtbassoc-0ce15b339c3328914",
            "route_table_id": "rtb-0139cd204a594b935",
            "subnet_id": "subnet-0371458d27955e8d7",
            "timeouts": null
          },
          "sensitive_attributes": [],
          "identity_schema_version": 0,
          "private": "eyJlMmJmYjczMC1lY2FhLTExZTYtOGY4OC0zNDM2M2JjN2M0YzAiOnsiY3JlYXRlIjozMDAwMDAwMDAwMDAsImRlbGV0ZSI6MzAwMDAwMDAwMDAwLCJ1cGRhdGUiOjEyMDAwMDAwMDAwMH19",
          "dependencies": [
            "aws_eip.eip",
            "aws_nat_gateway.natgw",
            "aws_route_table.private_route_table",
            "aws_subnet.private_subnets",
            "aws_subnet.public_subnets",
            "aws_vpc.main",
            "data.aws_availability_zones.available",
            "random_id.env_display_id"
          ]
        }
      ]
    },
    {
      "mode": "managed",
      "type": "aws_route_table_association",
      "name": "pub_subnet_associations",
      "provider": "provider[\"registry.terraform.io/hashicorp/aws\"]",
      "instances": [
        {
          "index_key": 0,
          "schema_version": 0,
          "attributes": {
            "gateway_id": "",
            "id": "rtbassoc-0e617294a27589d14",
            "route_table_id": "rtb-063ae4604e995e25c",
            "subnet_id": "subnet-0a1d335639a21b54c",
            "timeouts": null
          },
          "sensitive_attributes": [],
          "identity_schema_version": 0,
          "private": "eyJlMmJmYjczMC1lY2FhLTExZTYtOGY4OC0zNDM2M2JjN2M0YzAiOnsiY3JlYXRlIjozMDAwMDAwMDAwMDAsImRlbGV0ZSI6MzAwMDAwMDAwMDAwLCJ1cGRhdGUiOjEyMDAwMDAwMDAwMH19",
          "dependencies": [
            "aws_internet_gateway.igw",
            "aws_route_table.public_route_table",
            "aws_subnet.public_subnets",
            "aws_vpc.main",
            "data.aws_availability_zones.available",
            "random_id.env_display_id"
          ]
        },
        {
          "index_key": 1,
          "schema_version": 0,
          "attributes": {
            "gateway_id": "",
            "id": "rtbassoc-0e34fb75eeb4c89ac",
            "route_table_id": "rtb-063ae4604e995e25c",
            "subnet_id": "subnet-07e070b6653a9504f",
            "timeouts": null
          },
          "sensitive_attributes": [],
          "identity_schema_version": 0,
          "private": "eyJlMmJmYjczMC1lY2FhLTExZTYtOGY4OC0zNDM2M2JjN2M0YzAiOnsiY3JlYXRlIjozMDAwMDAwMDAwMDAsImRlbGV0ZSI6MzAwMDAwMDAwMDAwLCJ1cGRhdGUiOjEyMDAwMDAwMDAwMH19",
          "dependencies": [
            "aws_internet_gateway.igw",
            "aws_route_table.public_route_table",
            "aws_subnet.public_subnets",
            "aws_vpc.main",
            "data.aws_availability_zones.available",
            "random_id.env_display_id"
          ]
        },
        {
          "index_key": 2,
          "schema_version": 0,
          "attributes": {
            "gateway_id": "",
            "id": "rtbassoc-0f14cea16fff07c2c",
            "route_table_id": "rtb-063ae4604e995e25c",
            "subnet_id": "subnet-06736326e12331e50",
            "timeouts": null
          },
          "sensitive_attributes": [],
          "identity_schema_version": 0,
          "private": "eyJlMmJmYjczMC1lY2FhLTExZTYtOGY4OC0zNDM2M2JjN2M0YzAiOnsiY3JlYXRlIjozMDAwMDAwMDAwMDAsImRlbGV0ZSI6MzAwMDAwMDAwMDAwLCJ1cGRhdGUiOjEyMDAwMDAwMDAwMH19",
          "dependencies": [
            "aws_internet_gateway.igw",
            "aws_route_table.public_route_table",
            "aws_subnet.public_subnets",
            "aws_vpc.main",
            "data.aws_availability_zones.available",
            "random_id.env_display_id"
          ]
        }
      ]
    },
    {
      "mode": "managed",
      "type": "aws_security_group",
      "name": "allow_ssh_oracle",
      "provider": "provider[\"registry.terraform.io/hashicorp/aws\"]",
      "instances": [
        {
          "schema_version": 1,
          "attributes": {
            "arn": "arn:aws:ec2:us-east-1:374103992698:security-group/sg-0dc6f7385f68ea5e0",
            "description": "Allow SSH and Oracle inbound traffic",
            "egress": [
              {
                "cidr_blocks": [
                  "0.0.0.0/0"
                ],
                "description": "",
                "from_port": 0,
                "ipv6_cidr_blocks": [],
                "prefix_list_ids": [],
                "protocol": "-1",
                "security_groups": [],
                "self": false,
                "to_port": 0
              }
            ],
            "id": "sg-0dc6f7385f68ea5e0",
            "ingress": [
              {
                "cidr_blocks": [
                  "0.0.0.0/0"
                ],
                "description": "Oracle EM Express access",
                "from_port": 5500,
                "ipv6_cidr_blocks": [],
                "prefix_list_ids": [],
                "protocol": "tcp",
                "security_groups": [],
                "self": false,
                "to_port": 5500
              },
              {
                "cidr_blocks": [
                  "0.0.0.0/0"
                ],
                "description": "Oracle SQL*Net access",
                "from_port": 1521,
                "ipv6_cidr_blocks": [],
                "prefix_list_ids": [],
                "protocol": "tcp",
                "security_groups": [],
                "self": false,
                "to_port": 1521
              },
              {
                "cidr_blocks": [
                  "0.0.0.0/0"
                ],
                "description": "SSH access",
                "from_port": 22,
                "ipv6_cidr_blocks": [],
                "prefix_list_ids": [],
                "protocol": "tcp",
                "security_groups": [],
                "self": false,
                "to_port": 22
              }
            ],
            "name": "frauddetectiondemo_allow_ssh_oracle",
            "name_prefix": "",
            "owner_id": "374103992698",
            "revoke_rules_on_delete": false,
            "tags": {
              "Name": "frauddetectiondemo-oracle-sg"
            },
            "tags_all": {
              "Name": "frauddetectiondemo-oracle-sg"
            },
            "timeouts": null,
            "vpc_id": "vpc-002b8a1994de1c998"
          },
          "sensitive_attributes": [],
          "identity_schema_version": 0,
          "private": "eyJlMmJmYjczMC1lY2FhLTExZTYtOGY4OC0zNDM2M2JjN2M0YzAiOnsiY3JlYXRlIjo2MDAwMDAwMDAwMDAsImRlbGV0ZSI6OTAwMDAwMDAwMDAwfSwic2NoZW1hX3ZlcnNpb24iOiIxIn0=",
          "dependencies": [
            "aws_vpc.main",
            "random_id.env_display_id"
          ]
        }
      ]
    },
    {
      "mode": "managed",
      "type": "aws_security_group",
      "name": "redshift_sg",
      "provider": "provider[\"registry.terraform.io/hashicorp/aws\"]",
      "instances": [
        {
          "schema_version": 1,
          "attributes": {
            "arn": "arn:aws:ec2:us-east-1:374103992698:security-group/sg-0fa5fd94b5904d40a",
            "description": "Security group for Redshift cluster",
            "egress": [
              {
                "cidr_blocks": [
                  "0.0.0.0/0"
                ],
                "description": "",
                "from_port": 0,
                "ipv6_cidr_blocks": [],
                "prefix_list_ids": [],
                "protocol": "-1",
                "security_groups": [],
                "self": false,
                "to_port": 0
              }
            ],
            "id": "sg-0fa5fd94b5904d40a",
            "ingress": [
              {
                "cidr_blocks": [
                  "0.0.0.0/0"
                ],
                "description": "",
                "from_port": 5439,
                "ipv6_cidr_blocks": [],
                "prefix_list_ids": [],
                "protocol": "tcp",
                "security_groups": [],
                "self": false,
                "to_port": 5439
              }
            ],
            "name": "frauddetectiondemo-redshift-sg-6332e013",
            "name_prefix": "",
            "owner_id": "374103992698",
            "revoke_rules_on_delete": false,
            "tags": {
              "Name": "frauddetectiondemo-redshift-sg-6332e013"
            },
            "tags_all": {
              "Name": "frauddetectiondemo-redshift-sg-6332e013"
            },
            "timeouts": null,
            "vpc_id": "vpc-002b8a1994de1c998"
          },
          "sensitive_attributes": [],
          "identity_schema_version": 0,
          "private": "eyJlMmJmYjczMC1lY2FhLTExZTYtOGY4OC0zNDM2M2JjN2M0YzAiOnsiY3JlYXRlIjo2MDAwMDAwMDAwMDAsImRlbGV0ZSI6OTAwMDAwMDAwMDAwfSwic2NoZW1hX3ZlcnNpb24iOiIxIn0=",
          "dependencies": [
            "aws_vpc.main",
            "random_id.env_display_id"
          ]
        }
      ]
    },
    {
      "mode": "managed",
      "type": "aws_security_group",
      "name": "sg",
      "provider": "provider[\"registry.terraform.io/hashicorp/aws\"]",
      "instances": [
        {
          "schema_version": 1,
          "attributes": {
            "arn": "arn:aws:ec2:us-east-1:374103992698:security-group/sg-094f09358b8e6c4f7",
            "description": "Allow TLS inbound traffic",
            "egress": [
              {
                "cidr_blocks": [
                  "0.0.0.0/0"
                ],
                "description": "",
                "from_port": 0,
                "ipv6_cidr_blocks": [],
                "prefix_list_ids": [],
                "protocol": "-1",
                "security_groups": [],
                "self": false,
                "to_port": 0
              }
            ],
            "id": "sg-094f09358b8e6c4f7",
            "ingress": [
              {
                "cidr_blocks": [
                  "0.0.0.0/0"
                ],
                "description": null,
                "from_port": 9092,
                "ipv6_cidr_blocks": [],
                "prefix_list_ids": [],
                "protocol": "tcp",
                "security_groups": [],
                "self": false,
                "to_port": 9092
              }
            ],
            "name": "frauddetectiondemo-aws-security-group-6332e013",
            "name_prefix": "",
            "owner_id": "374103992698",
            "revoke_rules_on_delete": false,
            "tags": {
              "Name": "frauddetectiondemo-security-group-6332e013"
            },
            "tags_all": {
              "Name": "frauddetectiondemo-security-group-6332e013"
            },
            "timeouts": null,
            "vpc_id": "vpc-002b8a1994de1c998"
          },
          "sensitive_attributes": [],
          "identity_schema_version": 0,
          "private": "eyJlMmJmYjczMC1lY2FhLTExZTYtOGY4OC0zNDM2M2JjN2M0YzAiOnsiY3JlYXRlIjo2MDAwMDAwMDAwMDAsImRlbGV0ZSI6OTAwMDAwMDAwMDAwfSwic2NoZW1hX3ZlcnNpb24iOiIxIn0=",
          "dependencies": [
            "aws_vpc.main",
            "random_id.env_display_id"
          ]
        }
      ]
    },
    {
      "mode": "managed",
      "type": "aws_security_group_rule",
      "name": "self_ingress_443",
      "provider": "provider[\"registry.terraform.io/hashicorp/aws\"]",
      "instances": [
        {
          "schema_version": 2,
          "attributes": {
            "cidr_blocks": null,
            "description": null,
            "from_port": 443,
            "id": "sgrule-2161369824",
            "ipv6_cidr_blocks": null,
            "prefix_list_ids": null,
            "protocol": "tcp",
            "security_group_id": "sg-094f09358b8e6c4f7",
            "security_group_rule_id": "sgr-0d428e11e2f206323",
            "self": false,
            "source_security_group_id": "sg-094f09358b8e6c4f7",
            "timeouts": null,
            "to_port": 443,
            "type": "ingress"
          },
          "sensitive_attributes": [],
          "identity_schema_version": 0,
          "private": "eyJlMmJmYjczMC1lY2FhLTExZTYtOGY4OC0zNDM2M2JjN2M0YzAiOnsiY3JlYXRlIjozMDAwMDAwMDAwMDB9LCJzY2hlbWFfdmVyc2lvbiI6IjIifQ==",
          "dependencies": [
            "aws_security_group.sg",
            "aws_vpc.main",
            "random_id.env_display_id"
          ]
        }
      ]
    },
    {
      "mode": "managed",
      "type": "aws_subnet",
      "name": "private_subnets",
      "provider": "provider[\"registry.terraform.io/hashicorp/aws\"]",
      "instances": [
        {
          "index_key": 0,
          "schema_version": 1,
          "attributes": {
            "arn": "arn:aws:ec2:us-east-1:374103992698:subnet/subnet-0dad37453c444c54a",
            "assign_ipv6_address_on_creation": false,
            "availability_zone": "us-east-1a",
            "availability_zone_id": "use1-az4",
            "cidr_block": "10.0.10.0/24",
            "customer_owned_ipv4_pool": "",
            "enable_dns64": false,
            "enable_lni_at_device_index": 0,
            "enable_resource_name_dns_a_record_on_launch": false,
            "enable_resource_name_dns_aaaa_record_on_launch": false,
            "id": "subnet-0dad37453c444c54a",
            "ipv6_cidr_block": "",
            "ipv6_cidr_block_association_id": "",
            "ipv6_native": false,
            "map_customer_owned_ip_on_launch": false,
            "map_public_ip_on_launch": false,
            "outpost_arn": "",
            "owner_id": "374103992698",
            "private_dns_hostname_type_on_launch": "ip-name",
            "tags": {
              "Name": "frauddetectiondemo-private-0-6332e013"
            },
            "tags_all": {
              "Name": "frauddetectiondemo-private-0-6332e013"
            },
            "timeouts": null,
            "vpc_id": "vpc-002b8a1994de1c998"
          },
          "sensitive_attributes": [],
          "identity_schema_version": 0,
          "private": "eyJlMmJmYjczMC1lY2FhLTExZTYtOGY4OC0zNDM2M2JjN2M0YzAiOnsiY3JlYXRlIjo2MDAwMDAwMDAwMDAsImRlbGV0ZSI6MTIwMDAwMDAwMDAwMH0sInNjaGVtYV92ZXJzaW9uIjoiMSJ9",
          "dependencies": [
            "aws_vpc.main",
            "data.aws_availability_zones.available",
            "random_id.env_display_id"
          ]
        },
        {
          "index_key": 1,
          "schema_version": 1,
          "attributes": {
            "arn": "arn:aws:ec2:us-east-1:374103992698:subnet/subnet-06c6c3542c558e4e5",
            "assign_ipv6_address_on_creation": false,
            "availability_zone": "us-east-1b",
            "availability_zone_id": "use1-az6",
            "cidr_block": "10.0.11.0/24",
            "customer_owned_ipv4_pool": "",
            "enable_dns64": false,
            "enable_lni_at_device_index": 0,
            "enable_resource_name_dns_a_record_on_launch": false,
            "enable_resource_name_dns_aaaa_record_on_launch": false,
            "id": "subnet-06c6c3542c558e4e5",
            "ipv6_cidr_block": "",
            "ipv6_cidr_block_association_id": "",
            "ipv6_native": false,
            "map_customer_owned_ip_on_launch": false,
            "map_public_ip_on_launch": false,
            "outpost_arn": "",
            "owner_id": "374103992698",
            "private_dns_hostname_type_on_launch": "ip-name",
            "tags": {
              "Name": "frauddetectiondemo-private-1-6332e013"
            },
            "tags_all": {
              "Name": "frauddetectiondemo-private-1-6332e013"
            },
            "timeouts": null,
            "vpc_id": "vpc-002b8a1994de1c998"
          },
          "sensitive_attributes": [],
          "identity_schema_version": 0,
          "private": "eyJlMmJmYjczMC1lY2FhLTExZTYtOGY4OC0zNDM2M2JjN2M0YzAiOnsiY3JlYXRlIjo2MDAwMDAwMDAwMDAsImRlbGV0ZSI6MTIwMDAwMDAwMDAwMH0sInNjaGVtYV92ZXJzaW9uIjoiMSJ9",
          "dependencies": [
            "aws_vpc.main",
            "data.aws_availability_zones.available",
            "random_id.env_display_id"
          ]
        },
        {
          "index_key": 2,
          "schema_version": 1,
          "attributes": {
            "arn": "arn:aws:ec2:us-east-1:374103992698:subnet/subnet-0371458d27955e8d7",
            "assign_ipv6_address_on_creation": false,
            "availability_zone": "us-east-1c",
            "availability_zone_id": "use1-az1",
            "cidr_block": "10.0.12.0/24",
            "customer_owned_ipv4_pool": "",
            "enable_dns64": false,
            "enable_lni_at_device_index": 0,
            "enable_resource_name_dns_a_record_on_launch": false,
            "enable_resource_name_dns_aaaa_record_on_launch": false,
            "id": "subnet-0371458d27955e8d7",
            "ipv6_cidr_block": "",
            "ipv6_cidr_block_association_id": "",
            "ipv6_native": false,
            "map_customer_owned_ip_on_launch": false,
            "map_public_ip_on_launch": false,
            "outpost_arn": "",
            "owner_id": "374103992698",
            "private_dns_hostname_type_on_launch": "ip-name",
            "tags": {
              "Name": "frauddetectiondemo-private-2-6332e013"
            },
            "tags_all": {
              "Name": "frauddetectiondemo-private-2-6332e013"
            },
            "timeouts": null,
            "vpc_id": "vpc-002b8a1994de1c998"
          },
          "sensitive_attributes": [],
          "identity_schema_version": 0,
          "private": "eyJlMmJmYjczMC1lY2FhLTExZTYtOGY4OC0zNDM2M2JjN2M0YzAiOnsiY3JlYXRlIjo2MDAwMDAwMDAwMDAsImRlbGV0ZSI6MTIwMDAwMDAwMDAwMH0sInNjaGVtYV92ZXJzaW9uIjoiMSJ9",
          "dependencies": [
            "aws_vpc.main",
            "data.aws_availability_zones.available",
            "random_id.env_display_id"
          ]
        }
      ]
    },
    {
      "mode": "managed",
      "type": "aws_subnet",
      "name": "public_subnets",
      "provider": "provider[\"registry.terraform.io/hashicorp/aws\"]",
      "instances": [
        {
          "index_key": 0,
          "schema_version": 1,
          "attributes": {
            "arn": "arn:aws:ec2:us-east-1:374103992698:subnet/subnet-0a1d335639a21b54c",
            "assign_ipv6_address_on_creation": false,
            "availability_zone": "us-east-1a",
            "availability_zone_id": "use1-az4",
            "cidr_block": "10.0.1.0/24",
            "customer_owned_ipv4_pool": "",
            "enable_dns64": false,
            "enable_lni_at_device_index": 0,
            "enable_resource_name_dns_a_record_on_launch": false,
            "enable_resource_name_dns_aaaa_record_on_launch": false,
            "id": "subnet-0a1d335639a21b54c",
            "ipv6_cidr_block": "",
            "ipv6_cidr_block_association_id": "",
            "ipv6_native": false,
            "map_customer_owned_ip_on_launch": false,
            "map_public_ip_on_launch": true,
            "outpost_arn": "",
            "owner_id": "374103992698",
            "private_dns_hostname_type_on_launch": "ip-name",
            "tags": {
              "Name": "frauddetectiondemo-public-0-6332e013",
              "kubernetes.io/role/elb": "1"
            },
            "tags_all": {
              "Name": "frauddetectiondemo-public-0-6332e013",
              "kubernetes.io/role/elb": "1"
            },
            "timeouts": null,
            "vpc_id": "vpc-002b8a1994de1c998"
          },
          "sensitive_attributes": [],
          "identity_schema_version": 0,
          "private": "eyJlMmJmYjczMC1lY2FhLTExZTYtOGY4OC0zNDM2M2JjN2M0YzAiOnsiY3JlYXRlIjo2MDAwMDAwMDAwMDAsImRlbGV0ZSI6MTIwMDAwMDAwMDAwMH0sInNjaGVtYV92ZXJzaW9uIjoiMSJ9",
          "dependencies": [
            "aws_vpc.main",
            "data.aws_availability_zones.available",
            "random_id.env_display_id"
          ]
        },
        {
          "index_key": 1,
          "schema_version": 1,
          "attributes": {
            "arn": "arn:aws:ec2:us-east-1:374103992698:subnet/subnet-07e070b6653a9504f",
            "assign_ipv6_address_on_creation": false,
            "availability_zone": "us-east-1b",
            "availability_zone_id": "use1-az6",
            "cidr_block": "10.0.2.0/24",
            "customer_owned_ipv4_pool": "",
            "enable_dns64": false,
            "enable_lni_at_device_index": 0,
            "enable_resource_name_dns_a_record_on_launch": false,
            "enable_resource_name_dns_aaaa_record_on_launch": false,
            "id": "subnet-07e070b6653a9504f",
            "ipv6_cidr_block": "",
            "ipv6_cidr_block_association_id": "",
            "ipv6_native": false,
            "map_customer_owned_ip_on_launch": false,
            "map_public_ip_on_launch": true,
            "outpost_arn": "",
            "owner_id": "374103992698",
            "private_dns_hostname_type_on_launch": "ip-name",
            "tags": {
              "Name": "frauddetectiondemo-public-1-6332e013",
              "kubernetes.io/role/elb": "1"
            },
            "tags_all": {
              "Name": "frauddetectiondemo-public-1-6332e013",
              "kubernetes.io/role/elb": "1"
            },
            "timeouts": null,
            "vpc_id": "vpc-002b8a1994de1c998"
          },
          "sensitive_attributes": [],
          "identity_schema_version": 0,
          "private": "eyJlMmJmYjczMC1lY2FhLTExZTYtOGY4OC0zNDM2M2JjN2M0YzAiOnsiY3JlYXRlIjo2MDAwMDAwMDAwMDAsImRlbGV0ZSI6MTIwMDAwMDAwMDAwMH0sInNjaGVtYV92ZXJzaW9uIjoiMSJ9",
          "dependencies": [
            "aws_vpc.main",
            "data.aws_availability_zones.available",
            "random_id.env_display_id"
          ]
        },
        {
          "index_key": 2,
          "schema_version": 1,
          "attributes": {
            "arn": "arn:aws:ec2:us-east-1:374103992698:subnet/subnet-06736326e12331e50",
            "assign_ipv6_address_on_creation": false,
            "availability_zone": "us-east-1c",
            "availability_zone_id": "use1-az1",
            "cidr_block": "10.0.3.0/24",
            "customer_owned_ipv4_pool": "",
            "enable_dns64": false,
            "enable_lni_at_device_index": 0,
            "enable_resource_name_dns_a_record_on_launch": false,
            "enable_resource_name_dns_aaaa_record_on_launch": false,
            "id": "subnet-06736326e12331e50",
            "ipv6_cidr_block": "",
            "ipv6_cidr_block_association_id": "",
            "ipv6_native": false,
            "map_customer_owned_ip_on_launch": false,
            "map_public_ip_on_launch": true,
            "outpost_arn": "",
            "owner_id": "374103992698",
            "private_dns_hostname_type_on_launch": "ip-name",
            "tags": {
              "Name": "frauddetectiondemo-public-2-6332e013",
              "kubernetes.io/role/elb": "1"
            },
            "tags_all": {
              "Name": "frauddetectiondemo-public-2-6332e013",
              "kubernetes.io/role/elb": "1"
            },
            "timeouts": null,
            "vpc_id": "vpc-002b8a1994de1c998"
          },
          "sensitive_attributes": [],
          "identity_schema_version": 0,
          "private": "eyJlMmJmYjczMC1lY2FhLTExZTYtOGY4OC0zNDM2M2JjN2M0YzAiOnsiY3JlYXRlIjo2MDAwMDAwMDAwMDAsImRlbGV0ZSI6MTIwMDAwMDAwMDAwMH0sInNjaGVtYV92ZXJzaW9uIjoiMSJ9",
          "dependencies": [
            "aws_vpc.main",
            "data.aws_availability_zones.available",
            "random_id.env_display_id"
          ]
        }
      ]
    },
    {
      "mode": "managed",
      "type": "aws_vpc",
      "name": "main",
      "provider": "provider[\"registry.terraform.io/hashicorp/aws\"]",
      "instances": [
        {
          "schema_version": 1,
          "attributes": {
            "arn": "arn:aws:ec2:us-east-1:374103992698:vpc/vpc-002b8a1994de1c998",
            "assign_generated_ipv6_cidr_block": false,
            "cidr_block": "10.0.0.0/16",
            "default_network_acl_id": "acl-0901f7461516a41ea",
            "default_route_table_id": "rtb-00905ed3231564b31",
            "default_security_group_id": "sg-0d1dc3c4d2dedfc58",
            "dhcp_options_id": "dopt-0a6321bd33796ebb5",
            "enable_dns_hostnames": true,
            "enable_dns_support": true,
            "enable_network_address_usage_metrics": false,
            "id": "vpc-002b8a1994de1c998",
            "instance_tenancy": "default",
            "ipv4_ipam_pool_id": null,
            "ipv4_netmask_length": null,
            "ipv6_association_id": "",
            "ipv6_cidr_block": "",
            "ipv6_cidr_block_network_border_group": "",
            "ipv6_ipam_pool_id": "",
            "ipv6_netmask_length": 0,
            "main_route_table_id": "rtb-00905ed3231564b31",
            "owner_id": "374103992698",
            "tags": {
              "Name": "frauddetectiondemo-vpc-6332e013"
            },
            "tags_all": {
              "Name": "frauddetectiondemo-vpc-6332e013"
            }
          },
          "sensitive_attributes": [],
          "identity_schema_version": 0,
          "private": "eyJzY2hlbWFfdmVyc2lvbiI6IjEifQ==",
          "dependencies": [
            "random_id.env_display_id"
          ]
        }
      ]
    },
    {
      "mode": "managed",
      "type": "confluent_api_key",
      "name": "schema-registry-api-key",
      "provider": "provider[\"registry.terraform.io/confluentinc/confluent\"]",
      "instances": [
        {
          "schema_version": 0,
          "attributes": {
            "description": "Schema Registry API Key that is owned by 'env-manager' service account",
            "disable_wait_for_ready": false,
            "display_name": "env-manager-schema-registry-api-key",
            "id": "5RNRZ4QKIXNSXAD7",
            "managed_resource": [
              {
                "api_version": "srcm/v2",
                "environment": [
                  {
                    "id": "env-vy3doj"
                  }
                ],
                "id": "lsrc-ynv19k",
                "kind": "Cluster"
              }
            ],
            "owner": [
              {
                "api_version": "iam/v2",
                "id": "sa-9k5p7qm",
                "kind": "ServiceAccount"
              }
            ],
            "secret": "cfltyvQpigI58Vb6WBGxwxElMT5MBjVc3mbyRjNE2sCB/1n68eX9RqwpNf+JrOVQ"
          },
          "sensitive_attributes": [
            [
              {
                "type": "get_attr",
                "value": "secret"
              }
            ]
          ],
          "identity_schema_version": 0,
          "private": "bnVsbA==",
          "dependencies": [
            "confluent_environment.staging",
            "confluent_kafka_cluster.cluster",
            "confluent_service_account.app-manager",
            "data.confluent_schema_registry_cluster.sr",
            "random_id.env_display_id"
          ]
        }
      ]
    },
    {
      "mode": "managed",
      "type": "confluent_environment",
      "name": "staging",
      "provider": "provider[\"registry.terraform.io/confluentinc/confluent\"]",
      "instances": [
        {
          "schema_version": 0,
          "attributes": {
            "display_name": "frauddetectiondemo-environment-6332e013",
            "id": "env-vy3doj",
            "resource_name": "crn://confluent.cloud/organization=a03f1dfd-02ee-4ce1-8329-571ce84d697a/environment=env-vy3doj",
            "stream_governance": [
              {
                "package": "ADVANCED"
              }
            ]
          },
          "sensitive_attributes": [],
          "identity_schema_version": 0,
          "private": "bnVsbA==",
          "dependencies": [
            "random_id.env_display_id"
          ]
        }
      ]
    },
    {
      "mode": "managed",
      "type": "confluent_flink_compute_pool",
      "name": "flink_pool",
      "provider": "provider[\"registry.terraform.io/confluentinc/confluent\"]",
      "instances": [
        {
          "schema_version": 0,
          "attributes": {
            "api_version": "fcpm/v2",
            "cloud": "AWS",
            "display_name": "default",
            "environment": [
              {
                "id": "env-vy3doj"
              }
            ],
            "id": "lfcp-mq0m5w",
            "kind": "ComputePool",
            "max_cfu": 50,
            "region": "us-east-1",
            "resource_name": "crn://confluent.cloud/organization=a03f1dfd-02ee-4ce1-8329-571ce84d697a/environment=env-vy3doj/flink-region=aws.us-east-1/compute-pool=lfcp-mq0m5w",
            "timeouts": null
          },
          "sensitive_attributes": [],
          "identity_schema_version": 0,
          "private": "eyJlMmJmYjczMC1lY2FhLTExZTYtOGY4OC0zNDM2M2JjN2M0YzAiOnsiY3JlYXRlIjozNjAwMDAwMDAwMDAwLCJkZWxldGUiOjM2MDAwMDAwMDAwMDB9fQ==",
          "dependencies": [
            "confluent_environment.staging",
            "data.confluent_flink_region.flink_region",
            "random_id.env_display_id"
          ]
        }
      ]
    },
    {
      "mode": "managed",
      "type": "confluent_kafka_cluster",
      "name": "cluster",
      "provider": "provider[\"registry.terraform.io/confluentinc/confluent\"]",
      "instances": [
        {
          "schema_version": 1,
          "attributes": {
            "api_version": "cmk/v2",
            "availability": "SINGLE_ZONE",
            "basic": [],
            "bootstrap_endpoint": "SASL_SSL://pkc-oxqxx9.us-east-1.aws.confluent.cloud:9092",
            "byok_key": [
              {
                "id": ""
              }
            ],
            "cloud": "AWS",
            "dedicated": [],
            "display_name": "frauddetectiondemo-cluster-6332e013",
            "enterprise": [],
            "environment": [
              {
                "id": "env-vy3doj"
              }
            ],
            "freight": [],
            "id": "lkc-838rqq",
            "kind": "Cluster",
            "network": [
              {
                "id": ""
              }
            ],
            "rbac_crn": "crn://confluent.cloud/organization=a03f1dfd-02ee-4ce1-8329-571ce84d697a/environment=env-vy3doj/cloud-cluster=lkc-838rqq",
            "region": "us-east-1",
            "rest_endpoint": "https://pkc-oxqxx9.us-east-1.aws.confluent.cloud:443",
            "standard": [
              {}
            ],
            "timeouts": null
          },
          "sensitive_attributes": [],
          "identity_schema_version": 0,
          "private": "eyJlMmJmYjczMC1lY2FhLTExZTYtOGY4OC0zNDM2M2JjN2M0YzAiOnsiY3JlYXRlIjoyNTkyMDAwMDAwMDAwMDAsInVwZGF0ZSI6MjU5MjAwMDAwMDAwMDAwfSwic2NoZW1hX3ZlcnNpb24iOiIxIn0=",
          "dependencies": [
            "confluent_environment.staging",
            "random_id.env_display_id"
          ]
        }
      ]
    },
    {
      "mode": "managed",
      "type": "confluent_role_binding",
      "name": "app-manager-kafka-cluster-admin",
      "provider": "provider[\"registry.terraform.io/confluentinc/confluent\"]",
      "instances": [
        {
          "schema_version": 0,
          "attributes": {
            "crn_pattern": "crn://confluent.cloud/organization=a03f1dfd-02ee-4ce1-8329-571ce84d697a/environment=env-vy3doj",
            "id": "rb-JMew7M",
            "principal": "User:sa-9k5p7qm",
            "role_name": "EnvironmentAdmin"
          },
          "sensitive_attributes": [],
          "identity_schema_version": 0,
          "private": "bnVsbA==",
          "dependencies": [
            "confluent_environment.staging",
            "confluent_service_account.app-manager",
            "random_id.env_display_id"
          ]
        }
      ]
    },
    {
      "mode": "managed",
      "type": "confluent_service_account",
      "name": "app-manager",
      "provider": "provider[\"registry.terraform.io/confluentinc/confluent\"]",
      "instances": [
        {
          "schema_version": 0,
          "attributes": {
            "api_version": "iam/v2",
            "description": "Service account to manage 'inventory' Kafka cluster",
            "display_name": "frauddetectiondemo-app-manager-6332e013",
            "id": "sa-9k5p7qm",
            "kind": "ServiceAccount"
          },
          "sensitive_attributes": [],
          "identity_schema_version": 0,
          "private": "bnVsbA==",
          "dependencies": [
            "random_id.env_display_id"
          ]
        }
      ]
    },
    {
      "mode": "managed",
      "type": "kubernetes_config_map",
      "name": "fraud_demo_config",
      "provider": "provider[\"registry.terraform.io/hashicorp/kubernetes\"]",
      "instances": [
        {
          "schema_version": 0,
          "attributes": {
            "binary_data": {},
            "data": {
              "ADMIN_USER_EMAIL": "admin@admin.com",
              "ADMIN_USER_PASSWORD": "admin",
              "ADMIN_USER_USERNAME": "admin",
              "DB_HOST": "10.0.1.150",
              "DB_NAME": "XEPDB1",
              "DB_PASSWORD": "password",
              "DB_PORT": "1521",
              "DB_USER": "sample"
            },
            "id": "frauddemo/fraud-demo-config",
            "immutable": false,
            "metadata": [
              {
                "annotations": {},
                "generate_name": "",
                "generation": 0,
                "labels": {},
                "name": "fraud-demo-config",
                "namespace": "frauddemo",
                "resource_version": "1352",
                "uid": "d2ddb836-0700-4429-85cb-b621317aaeb6"
              }
            ]
          },
          "sensitive_attributes": [
            [
              {
                "type": "get_attr",
                "value": "data"
              },
              {
                "type": "index",
                "value": {
                  "value": "DB_PASSWORD",
                  "type": "string"
                }
              }
            ]
          ],
          "identity_schema_version": 0,
          "private": "bnVsbA==",
          "dependencies": [
            "aws_eks_access_policy_association.caller_cluster_admin_policy",
            "aws_eks_cluster.eks_cluster",
            "aws_iam_role.cluster",
            "aws_iam_role.node",
            "aws_iam_role_policy_attachment.cluster_AmazonEKSBlockStoragePolicy",
            "aws_iam_role_policy_attachment.cluster_AmazonEKSClusterPolicy",
            "aws_iam_role_policy_attachment.cluster_AmazonEKSComputePolicy",
            "aws_iam_role_policy_attachment.cluster_AmazonEKSLoadBalancingPolicy",
            "aws_iam_role_policy_attachment.cluster_AmazonEKSNetworkingPolicy",
            "aws_instance.oracle_instance",
            "aws_key_pair.tf_key",
            "aws_security_group.allow_ssh_oracle",
            "aws_subnet.public_subnets",
            "aws_vpc.main",
            "data.aws_ami.oracle_ami",
            "data.aws_availability_zones.available",
            "data.aws_caller_identity.current",
            "kubernetes_namespace.demo_namespace",
            "random_id.env_display_id",
            "tls_private_key.rsa-4096-example"
          ]
        }
      ]
    },
    {
      "mode": "managed",
      "type": "kubernetes_deployment",
      "name": "fraud_demo",
      "provider": "provider[\"registry.terraform.io/hashicorp/kubernetes\"]",
      "instances": [
        {
          "schema_version": 1,
          "attributes": {
            "id": "frauddemo/fraud-demo",
            "metadata": [
              {
                "annotations": null,
                "generate_name": "",
                "generation": 1,
                "labels": null,
                "name": "fraud-demo",
                "namespace": "frauddemo",
                "resource_version": "9063",
                "uid": "ff8a8ade-8e3b-4fd5-a7f8-81b8cca4f1ce"
              }
            ],
            "spec": [
              {
                "min_ready_seconds": 0,
                "paused": false,
                "progress_deadline_seconds": 600,
                "replicas": "1",
                "revision_history_limit": 10,
                "selector": [
                  {
                    "match_expressions": [],
                    "match_labels": {
                      "app.kubernetes.io/name": "fraud-demo"
                    }
                  }
                ],
                "strategy": [
                  {
                    "rolling_update": [
                      {
                        "max_surge": "25%",
                        "max_unavailable": "25%"
                      }
                    ],
                    "type": "RollingUpdate"
                  }
                ],
                "template": [
                  {
                    "metadata": [
                      {
                        "annotations": null,
                        "generate_name": "",
                        "generation": 0,
                        "labels": {
                          "app.kubernetes.io/name": "fraud-demo"
                        },
                        "name": "",
                        "namespace": "",
                        "resource_version": "",
                        "uid": ""
                      }
                    ],
                    "spec": [
                      {
                        "active_deadline_seconds": 0,
                        "affinity": [],
                        "automount_service_account_token": true,
                        "container": [
                          {
                            "args": [
                              "python /opt/fraud_detection/manage.py makemigrations \u0026\u0026\r\npython /opt/fraud_detection/manage.py migrate \u0026\u0026\r\npython /opt/fraud_detection/manage.py collectstatic --no-input \u0026\u0026\r\npython /opt/fraud_detection/manage.py load_users \u0026\u0026\r\npython /opt/fraud_detection/manage.py create_default_super_user \u0026\u0026\r\ngunicorn -c /opt/fraud_detection/gunicorn.conf.py fraud_detection.wsgi:application\r\n"
                            ],
                            "command": [
                              "/bin/sh",
                              "-c"
                            ],
                            "env": [
                              {
                                "name": "DB_NAME",
                                "value": "",
                                "value_from": [
                                  {
                                    "config_map_key_ref": [
                                      {
                                        "key": "DB_NAME",
                                        "name": "fraud-demo-config",
                                        "optional": false
                                      }
                                    ],
                                    "field_ref": [],
                                    "resource_field_ref": [],
                                    "secret_key_ref": []
                                  }
                                ]
                              },
                              {
                                "name": "DB_USER",
                                "value": "",
                                "value_from": [
                                  {
                                    "config_map_key_ref": [
                                      {
                                        "key": "DB_USER",
                                        "name": "fraud-demo-config",
                                        "optional": false
                                      }
                                    ],
                                    "field_ref": [],
                                    "resource_field_ref": [],
                                    "secret_key_ref": []
                                  }
                                ]
                              },
                              {
                                "name": "DB_HOST",
                                "value": "",
                                "value_from": [
                                  {
                                    "config_map_key_ref": [
                                      {
                                        "key": "DB_HOST",
                                        "name": "fraud-demo-config",
                                        "optional": false
                                      }
                                    ],
                                    "field_ref": [],
                                    "resource_field_ref": [],
                                    "secret_key_ref": []
                                  }
                                ]
                              },
                              {
                                "name": "DB_PORT",
                                "value": "",
                                "value_from": [
                                  {
                                    "config_map_key_ref": [
                                      {
                                        "key": "DB_PORT",
                                        "name": "fraud-demo-config",
                                        "optional": false
                                      }
                                    ],
                                    "field_ref": [],
                                    "resource_field_ref": [],
                                    "secret_key_ref": []
                                  }
                                ]
                              },
                              {
                                "name": "DB_PASSWORD",
                                "value": "",
                                "value_from": [
                                  {
                                    "config_map_key_ref": [
                                      {
                                        "key": "DB_PASSWORD",
                                        "name": "fraud-demo-config",
                                        "optional": false
                                      }
                                    ],
                                    "field_ref": [],
                                    "resource_field_ref": [],
                                    "secret_key_ref": []
                                  }
                                ]
                              },
                              {
                                "name": "ADMIN_USER_USERNAME",
                                "value": "",
                                "value_from": [
                                  {
                                    "config_map_key_ref": [
                                      {
                                        "key": "ADMIN_USER_USERNAME",
                                        "name": "fraud-demo-config",
                                        "optional": false
                                      }
                                    ],
                                    "field_ref": [],
                                    "resource_field_ref": [],
                                    "secret_key_ref": []
                                  }
                                ]
                              },
                              {
                                "name": "ADMIN_USER_EMAIL",
                                "value": "",
                                "value_from": [
                                  {
                                    "config_map_key_ref": [
                                      {
                                        "key": "ADMIN_USER_EMAIL",
                                        "name": "fraud-demo-config",
                                        "optional": false
                                      }
                                    ],
                                    "field_ref": [],
                                    "resource_field_ref": [],
                                    "secret_key_ref": []
                                  }
                                ]
                              },
                              {
                                "name": "ADMIN_USER_PASSWORD",
                                "value": "",
                                "value_from": [
                                  {
                                    "config_map_key_ref": [
                                      {
                                        "key": "ADMIN_USER_PASSWORD",
                                        "name": "fraud-demo-config",
                                        "optional": false
                                      }
                                    ],
                                    "field_ref": [],
                                    "resource_field_ref": [],
                                    "secret_key_ref": []
                                  }
                                ]
                              }
                            ],
                            "env_from": [],
                            "image": "public.ecr.aws/v3a9u0p7/demo/fraud-webapp:latest",
                            "image_pull_policy": "Always",
                            "lifecycle": [],
                            "liveness_probe": [
                              {
                                "exec": [],
                                "failure_threshold": 5,
                                "grpc": [],
                                "http_get": [
                                  {
                                    "host": "",
                                    "http_header": [],
                                    "path": "/health/",
                                    "port": "8000",
                                    "scheme": "HTTP"
                                  }
                                ],
                                "initial_delay_seconds": 3,
                                "period_seconds": 10,
                                "success_threshold": 1,
                                "tcp_socket": [],
                                "timeout_seconds": 2
                              }
                            ],
                            "name": "fraud-demo",
                            "port": [
                              {
                                "container_port": 8000,
                                "host_ip": "",
                                "host_port": 0,
                                "name": "gunicornport",
                                "protocol": "TCP"
                              }
                            ],
                            "readiness_probe": [
                              {
                                "exec": [],
                                "failure_threshold": 5,
                                "grpc": [],
                                "http_get": [
                                  {
                                    "host": "",
                                    "http_header": [],
                                    "path": "/health/",
                                    "port": "8000",
                                    "scheme": "HTTP"
                                  }
                                ],
                                "initial_delay_seconds": 20,
                                "period_seconds": 3,
                                "success_threshold": 1,
                                "tcp_socket": [],
                                "timeout_seconds": 3
                              }
                            ],
                            "resources": [
                              {
                                "limits": {},
                                "requests": {}
                              }
                            ],
                            "security_context": [],
                            "startup_probe": [],
                            "stdin": false,
                            "stdin_once": false,
                            "termination_message_path": "/dev/termination-log",
                            "termination_message_policy": "File",
                            "tty": false,
                            "volume_device": [],
                            "volume_mount": [],
                            "working_dir": ""
                          }
                        ],
                        "dns_config": [],
                        "dns_policy": "ClusterFirst",
                        "enable_service_links": true,
                        "host_aliases": [],
                        "host_ipc": false,
                        "host_network": false,
                        "host_pid": false,
                        "hostname": "",
                        "image_pull_secrets": [],
                        "init_container": [],
                        "node_name": "",
                        "node_selector": null,
                        "os": [],
                        "priority_class_name": "",
                        "readiness_gate": [],
                        "restart_policy": "Always",
                        "runtime_class_name": "",
                        "scheduler_name": "default-scheduler",
                        "security_context": [],
                        "service_account_name": "",
                        "share_process_namespace": false,
                        "subdomain": "",
                        "termination_grace_period_seconds": 30,
                        "toleration": [],
                        "topology_spread_constraint": [],
                        "volume": []
                      }
                    ]
                  }
                ]
              }
            ],
            "timeouts": null,
            "wait_for_rollout": true
          },
          "sensitive_attributes": [],
          "identity_schema_version": 0,
          "private": "eyJlMmJmYjczMC1lY2FhLTExZTYtOGY4OC0zNDM2M2JjN2M0YzAiOnsiY3JlYXRlIjo2MDAwMDAwMDAwMDAsImRlbGV0ZSI6NjAwMDAwMDAwMDAwLCJ1cGRhdGUiOjYwMDAwMDAwMDAwMH0sInNjaGVtYV92ZXJzaW9uIjoiMSJ9",
          "dependencies": [
            "aws_eks_access_policy_association.caller_cluster_admin_policy",
            "aws_eks_cluster.eks_cluster",
            "aws_iam_role.cluster",
            "aws_iam_role.node",
            "aws_iam_role_policy_attachment.cluster_AmazonEKSBlockStoragePolicy",
            "aws_iam_role_policy_attachment.cluster_AmazonEKSClusterPolicy",
            "aws_iam_role_policy_attachment.cluster_AmazonEKSComputePolicy",
            "aws_iam_role_policy_attachment.cluster_AmazonEKSLoadBalancingPolicy",
            "aws_iam_role_policy_attachment.cluster_AmazonEKSNetworkingPolicy",
            "aws_instance.oracle_instance",
            "aws_key_pair.tf_key",
            "aws_security_group.allow_ssh_oracle",
            "aws_subnet.public_subnets",
            "aws_vpc.main",
            "data.aws_ami.oracle_ami",
            "data.aws_availability_zones.available",
            "data.aws_caller_identity.current",
            "kubernetes_config_map.fraud_demo_config",
            "kubernetes_namespace.demo_namespace",
            "random_id.env_display_id",
            "tls_private_key.rsa-4096-example"
          ]
        }
      ]
    },
    {
      "mode": "managed",
      "type": "kubernetes_ingress_class",
      "name": "fraud_demo_load_balancer_controller",
      "provider": "provider[\"registry.terraform.io/hashicorp/kubernetes\"]",
      "instances": [
        {
          "schema_version": 0,
          "attributes": {
            "id": "alb",
            "metadata": [
              {
                "annotations": {},
                "generate_name": "",
                "generation": 1,
                "labels": {
                  "app.kubernetes.io/name": "LoadBalancerController"
                },
                "name": "alb",
                "resource_version": "1346",
                "uid": "237bb334-51ca-4020-b3d8-8041adfc9f46"
              }
            ],
            "spec": [
              {
                "controller": "eks.amazonaws.com/alb",
                "parameters": []
              }
            ]
          },
          "sensitive_attributes": [],
          "identity_schema_version": 0,
          "private": "bnVsbA==",
          "dependencies": [
            "aws_eks_access_policy_association.caller_cluster_admin_policy",
            "aws_eks_cluster.eks_cluster",
            "aws_iam_role.cluster",
            "aws_iam_role.node",
            "aws_iam_role_policy_attachment.cluster_AmazonEKSBlockStoragePolicy",
            "aws_iam_role_policy_attachment.cluster_AmazonEKSClusterPolicy",
            "aws_iam_role_policy_attachment.cluster_AmazonEKSComputePolicy",
            "aws_iam_role_policy_attachment.cluster_AmazonEKSLoadBalancingPolicy",
            "aws_iam_role_policy_attachment.cluster_AmazonEKSNetworkingPolicy",
            "aws_subnet.public_subnets",
            "aws_vpc.main",
            "data.aws_availability_zones.available",
            "data.aws_caller_identity.current",
            "random_id.env_display_id"
          ]
        }
      ]
    },
    {
      "mode": "managed",
      "type": "kubernetes_ingress_v1",
      "name": "fraud_demo_load_balancer",
      "provider": "provider[\"registry.terraform.io/hashicorp/kubernetes\"]",
      "instances": [
        {
          "schema_version": 0,
          "attributes": {
            "id": "frauddemo/ingress-fraud-demo",
            "metadata": [
              {
                "annotations": {
                  "alb.ingress.kubernetes.io/scheme": "internet-facing",
                  "alb.ingress.kubernetes.io/target-type": "ip"
                },
                "generate_name": "",
                "generation": 1,
                "labels": null,
                "name": "ingress-fraud-demo",
                "namespace": "frauddemo",
                "resource_version": "9122",
                "uid": "858826ca-3666-4d2b-b192-dcc987e60341"
              }
            ],
            "spec": [
              {
                "default_backend": [],
                "ingress_class_name": "alb",
                "rule": [
                  {
                    "host": "",
                    "http": [
                      {
                        "path": [
                          {
                            "backend": [
                              {
                                "resource": [],
                                "service": [
                                  {
                                    "name": "service-fraud-demo",
                                    "port": [
                                      {
                                        "name": "",
                                        "number": 8080
                                      }
                                    ]
                                  }
                                ]
                              }
                            ],
                            "path": "/*",
                            "path_type": "ImplementationSpecific"
                          }
                        ]
                      }
                    ]
                  }
                ],
                "tls": []
              }
            ],
            "status": [
              {
                "load_balancer": [
                  {
                    "ingress": [
                      {
                        "hostname": "k8s-frauddem-ingressf-1553bb1fd3-1427826718.us-east-1.elb.amazonaws.com",
                        "ip": ""
                      }
                    ]
                  }
                ]
              }
            ],
            "timeouts": null,
            "wait_for_load_balancer": true
          },
          "sensitive_attributes": [],
          "identity_schema_version": 0,
          "private": "eyJlMmJmYjczMC1lY2FhLTExZTYtOGY4OC0zNDM2M2JjN2M0YzAiOnsiY3JlYXRlIjoxMjAwMDAwMDAwMDAwLCJkZWxldGUiOjEyMDAwMDAwMDAwMDB9fQ==",
          "dependencies": [
            "aws_eks_access_policy_association.caller_cluster_admin_policy",
            "aws_eks_cluster.eks_cluster",
            "aws_iam_role.cluster",
            "aws_iam_role.node",
            "aws_iam_role_policy_attachment.cluster_AmazonEKSBlockStoragePolicy",
            "aws_iam_role_policy_attachment.cluster_AmazonEKSClusterPolicy",
            "aws_iam_role_policy_attachment.cluster_AmazonEKSComputePolicy",
            "aws_iam_role_policy_attachment.cluster_AmazonEKSLoadBalancingPolicy",
            "aws_iam_role_policy_attachment.cluster_AmazonEKSNetworkingPolicy",
            "aws_instance.oracle_instance",
            "aws_key_pair.tf_key",
            "aws_security_group.allow_ssh_oracle",
            "aws_subnet.public_subnets",
            "aws_vpc.main",
            "data.aws_ami.oracle_ami",
            "data.aws_availability_zones.available",
            "data.aws_caller_identity.current",
            "kubernetes_config_map.fraud_demo_config",
            "kubernetes_deployment.fraud_demo",
            "kubernetes_ingress_class.fraud_demo_load_balancer_controller",
            "kubernetes_namespace.demo_namespace",
            "kubernetes_service.fraud_demo_service",
            "random_id.env_display_id",
            "tls_private_key.rsa-4096-example"
          ]
        }
      ]
    },
    {
      "mode": "managed",
      "type": "kubernetes_namespace",
      "name": "demo_namespace",
      "provider": "provider[\"registry.terraform.io/hashicorp/kubernetes\"]",
      "instances": [
        {
          "schema_version": 0,
          "attributes": {
            "id": "frauddemo",
            "metadata": [
              {
                "annotations": {},
                "generate_name": "",
                "generation": 0,
                "labels": {},
                "name": "frauddemo",
                "resource_version": "1347",
                "uid": "883c35ce-6953-4ad7-8ce0-240616621b13"
              }
            ],
            "timeouts": null,
            "wait_for_default_service_account": false
          },
          "sensitive_attributes": [],
          "identity_schema_version": 0,
          "private": "eyJlMmJmYjczMC1lY2FhLTExZTYtOGY4OC0zNDM2M2JjN2M0YzAiOnsiZGVsZXRlIjozMDAwMDAwMDAwMDB9fQ==",
          "dependencies": [
            "aws_eks_access_policy_association.caller_cluster_admin_policy",
            "aws_eks_cluster.eks_cluster",
            "aws_iam_role.cluster",
            "aws_iam_role.node",
            "aws_iam_role_policy_attachment.cluster_AmazonEKSBlockStoragePolicy",
            "aws_iam_role_policy_attachment.cluster_AmazonEKSClusterPolicy",
            "aws_iam_role_policy_attachment.cluster_AmazonEKSComputePolicy",
            "aws_iam_role_policy_attachment.cluster_AmazonEKSLoadBalancingPolicy",
            "aws_iam_role_policy_attachment.cluster_AmazonEKSNetworkingPolicy",
            "aws_subnet.public_subnets",
            "aws_vpc.main",
            "data.aws_availability_zones.available",
            "data.aws_caller_identity.current",
            "random_id.env_display_id"
          ]
        }
      ]
    },
    {
      "mode": "managed",
      "type": "kubernetes_service",
      "name": "fraud_demo_service",
      "provider": "provider[\"registry.terraform.io/hashicorp/kubernetes\"]",
      "instances": [
        {
          "schema_version": 1,
          "attributes": {
            "id": "frauddemo/service-fraud-demo",
            "metadata": [
              {
                "annotations": null,
                "generate_name": "",
                "generation": 0,
                "labels": null,
                "name": "service-fraud-demo",
                "namespace": "frauddemo",
                "resource_version": "9082",
                "uid": "b11f9be1-0427-4260-bddc-b868a59bfada"
              }
            ],
            "spec": [
              {
                "allocate_load_balancer_node_ports": true,
                "cluster_ip": "172.20.54.130",
                "cluster_ips": [
                  "172.20.54.130"
                ],
                "external_ips": null,
                "external_name": "",
                "external_traffic_policy": "Cluster",
                "health_check_node_port": 0,
                "internal_traffic_policy": "Cluster",
                "ip_families": [
                  "IPv4"
                ],
                "ip_family_policy": "SingleStack",
                "load_balancer_class": "",
                "load_balancer_ip": "",
                "load_balancer_source_ranges": null,
                "port": [
                  {
                    "app_protocol": "",
                    "name": "",
                    "node_port": 32665,
                    "port": 8080,
                    "protocol": "TCP",
                    "target_port": "8000"
                  }
                ],
                "publish_not_ready_addresses": false,
                "selector": {
                  "app.kubernetes.io/name": "fraud-demo"
                },
                "session_affinity": "None",
                "session_affinity_config": [],
                "type": "NodePort"
              }
            ],
            "status": [
              {
                "load_balancer": [
                  {
                    "ingress": []
                  }
                ]
              }
            ],
            "timeouts": null,
            "wait_for_load_balancer": true
          },
          "sensitive_attributes": [],
          "identity_schema_version": 0,
          "private": "eyJlMmJmYjczMC1lY2FhLTExZTYtOGY4OC0zNDM2M2JjN2M0YzAiOnsiY3JlYXRlIjo2MDAwMDAwMDAwMDB9LCJzY2hlbWFfdmVyc2lvbiI6IjEifQ==",
          "dependencies": [
            "aws_eks_access_policy_association.caller_cluster_admin_policy",
            "aws_eks_cluster.eks_cluster",
            "aws_iam_role.cluster",
            "aws_iam_role.node",
            "aws_iam_role_policy_attachment.cluster_AmazonEKSBlockStoragePolicy",
            "aws_iam_role_policy_attachment.cluster_AmazonEKSClusterPolicy",
            "aws_iam_role_policy_attachment.cluster_AmazonEKSComputePolicy",
            "aws_iam_role_policy_attachment.cluster_AmazonEKSLoadBalancingPolicy",
            "aws_iam_role_policy_attachment.cluster_AmazonEKSNetworkingPolicy",
            "aws_instance.oracle_instance",
            "aws_key_pair.tf_key",
            "aws_security_group.allow_ssh_oracle",
            "aws_subnet.public_subnets",
            "aws_vpc.main",
            "data.aws_ami.oracle_ami",
            "data.aws_availability_zones.available",
            "data.aws_caller_identity.current",
            "kubernetes_config_map.fraud_demo_config",
            "kubernetes_deployment.fraud_demo",
            "kubernetes_namespace.demo_namespace",
            "random_id.env_display_id",
            "tls_private_key.rsa-4096-example"
          ]
        }
      ]
    },
    {
      "mode": "managed",
      "type": "local_file",
      "name": "tf_key",
      "provider": "provider[\"registry.terraform.io/hashicorp/local\"]",
      "instances": [
        {
          "schema_version": 0,
          "attributes": {
            "content": "-----BEGIN RSA PRIVATE KEY-----\nMIIJKAIBAAKCAgEAn3Uc9IuVhB2ekhFZFGBZDoxuMdPJpJrYvgsSnMzx6y1Gpqaj\nW4gXOwYX0L+38qVKy15xYR/g4NuVNXUVo8jUuTGwaBEGBxo54QOhrETDJ0xD3KoO\ncKE+8fJP7yCk+I4qdTtbvNI4Ubt40W3lbPRuVjl4dMUDKavXU2NM9HZBjf+zyRoB\nHONXhC+9du60Nm+vkgB+QNx5IZ4wdPxvDP76FQflZqel75YiTQmhbJPpwTxZnYR0\nB9QhYCJgzU7e+gaGYbpc4KG20kFyYYzzSzX6s2yXshBKpqo1uoHP10bWPLyekUUP\nksV489zm/By4zj50tIu/ZWm90qY++CPhLqgcdIeI6vP1Bg3xjfLEEmkh5ovGWhD3\nZDMNCnZJIAZtoPTBv3AY9hoUWOi0e/8NRKNNsJ8uf9xNXPqpZugi7FC+ODUHNksv\nkKmeruU1pQ1I0nSKceblbdq/GfPRVb0yn0SftkTCqDfHrE6Xdt7NrIywJarbLbF7\nNldXkmIhsJ487DHofgRh2wJcoLjK+G0nAMSbEy6nQisO0WyBmQqlc3PthRKWNqvv\nk/JoYXEni+AtuzgO69CdmYdgV4cxO3NBGAchr1NbsLGTe6gBNV5xMtFuq3LPPyQF\n3bhbsYnoXTe5dRcmqA0sLe3Fsuj38l/HDSAlRX+cFq/vv+KW7XDZ6ztQX9sCAwEA\nAQKCAgAyg24VxfYqcRufmCFJBDCSHEh4Pmg9XdRVd7qAs6fbYW9lMZrETztUtlxr\nA6DpHBWykQuHwgqCEO2Wjq25QdCpjiUdAm+PZm55aqYXpXzRASbqS3DhmyMOkD1k\nOkoodxjaJGCuU0YGFkZyycaJGnGtnO0cyKB03fwLbYSeWKvxqNQyW6uIlDhQJrN1\nbq7mI8FRlhhowa8ZyDv/g0xGqKteaC7ysx8s47mf//IELGM7lLuq25/KLxgXlSxn\nPZoDSHffk6MCghghSRxL7NPRuprdpgP0I5cSbw8wMxk9UDJj8TimOmNxkl77mboO\nmaatpzlfTHnoTXQVvBZskyktl5HTlFNxEbruPuebZjZZT3fa5NbS34S0RWCSRMIB\ngnxbcVKEiJWzQ95Ky1OuF2y8Mjtm/1x9t1p3JxfpYbcoXFY0hWvRoGBs6AAz08e/\nyNOOUcJVjjsYFMe2X4sNR04AuSonNiW2hSs52fl4zJ2ycfsS+gC81D1dFbForSI3\nMCuNAa4FbUP8BdiklpENxgEg4S9YA4zfdm4Wzfs8NmUkq3LCYWRAuIrRwUnz49Ej\n5tb+wO3U22c2/09V+ZKBHttlbYrHZQW8EOKpBAOtLMvEy0FASoNrcrCvU0GFfU/k\nPpO6PfVF7F8Ji2/1bnzZDBNyYnDp6ku7Hvk+go6/dbAMB0jcIQKCAQEA0klvuAZO\npHagvP0vfYdIRUJqjAdWBh46e5NdxEMxneP+ltMSyipYIm4Gfx88sbhD+NHgTOXT\ndh6WiR8agWRqR4AGHwDmMh/UOmOliLVf5651PAoWVemz5s8poeAVb03EHfBIrYSk\nXK8PE1J4pSJXBaHn2fr/hUCMLNCldFGV6nqA9aVQ2wHl5PJvuf0x5K2al7bQjoRa\nGUzDa83TGX61zUS9yXE4e9QfzlzwnslsFlpzOrBAxVuK6UW6LQv4dX9wO3wjiX0Y\n6tB/K+c+bJjVTCespS0MU7QxLqg0ZrCul0DLLtE5N9HJH2M5ieQ6KygiUptjX/3e\njToFkYMpkGZuawKCAQEAwh7/RTSLz/N4CFdJPmDxTXYK1xQWrspkPbAFjdEi1KDw\nhLSVX9nXa/I419nDi4nxDHedTji1+cuOo+NgUspP/3PwbqUM73XtxJWoD4cXFrWy\nKF037cvHWaB9YxWTFE6ywVcRtZ6/U4oKYCKqsPJaagoSkhBLsi8dNfvYlx/KRap+\nltbDhM0qrYBdTpgrmTt5K6NNVJvDaufc9j0bsOp3FDWKoZ1Q9+Vdw+yIMTcPXrXq\nl+yA1sFMAfQztX/CGiIhTfE4aV7Bpz7HYXh8qVHwfhVnPNalxHqbqK71Du9wE6n8\nXai6NSBniBODXrowN1/N3l+eLlBwcoKAjztPxrJQUQKCAQASEWs+9ZPGP8cZ1etB\nruD/ynAbLfovNmOyAHx7A4b82P0j+mjP5AmEk82NGKL/ZiS4+Vd7Y/fiW0h16a0+\nVuFm2VItUcd1oRR8G9m6QFNINc4u5XL72MOzXjNmjDlrQdRK+j1UY2Q37nauI1To\nY2X0vu+L5CwWR/CDXT4KG4R1DCeOc7DZ0HTvUgFVirLBwkTZKkULKcYQDG9yENJF\ni4SVaYWhDFBdG2HMOmIWUpot5YGnFkPKcU4jMvGHM1MazWNYSRdIle4RJu72V70e\nWZdiHrqPyqoXexEKwDsYY6/soQ2ULTfsWuMcBkuIVIrG8IDadi14rvhzS/v0f7+P\nf62XAoIBAD42yQFZEeYX1cR2lRbU4wE8b8T2vz5Nx0qt+1m0SUF0QyGE7srFenEy\nNF2ZgT5be1HPlC7Zphjk0FZeLSTbikAI3GnZpAeq+AUlIbO4TAIPQYYGOkKQKNfk\nw8rZw0Wi409rpFVdB1yyxRiCg8oqIigSClmdt2ToDKicipIEskMZnXCibA9H4gGx\nPjZONsrpcLA3qjUPptXAceTJOPK+cmObtU6OqMCKVj7Qs+VyDA8CpqkCN1icosuN\nhHUK+R5/CcV9JeM/Zzk+uY/Xmbx6cmU2Xtv0vzP1R6YMTKX4vybON/+cb/FO7V+D\nQXs+mO1mWwiGBKA7T46jnKhLDgpUY8ECggEBAM+ZdDu/aWJ/JidQ7SHfoRHObArn\nkni7vtDyjHRP8jT+d43SM7y9yxt/np4AcGZQnVanxJI6gRA9ElE/zeNnqrSyrdtR\n5omiAFcS/pvakXgypP7CtPLW1FuLqQtSD+DKa+yVjK+qCbOST/0e9k0m5dlLm3VN\nifyVGvtiHMtBgE7GF7wszMXZcdeJ31FDJzJnKd/lDo3sCoL71PqpzyPrXd+30DMT\nlZ6unoFDyGziKxtW0ia89a88t6h33uArZUOjnUY8J2uYXC05/hD8Dyu2HHPdOjFQ\nOCck9x+N0yS2SKY32gR2Ct9kQME9Ax8cZTI22fojrXzNM61dbdZKxCTfQMc=\n-----END RSA PRIVATE KEY-----\n",
            "content_base64": null,
            "content_base64sha256": "vOPVe3rMNQPsv9B8xOvUday/16kkiNvqn3DghaF+fDU=",
            "content_base64sha512": "P0s/kl8bpmUTMVoIPELz5703PAv3FWuaFBEqR21fj6uo4VPfIH98dV/kn03KgQpvEPOgeOTUAdHr3wRUKX/qDA==",
            "content_md5": "39a09ef2e9cb31f292ecef6f80420451",
            "content_sha1": "42f90eff2ac63f39c1aafadf6409b5a4335fa877",
            "content_sha256": "bce3d57b7acc3503ecbfd07cc4ebd475acbfd7a92488dbea9f70e085a17e7c35",
            "content_sha512": "3f4b3f925f1ba66513315a083c42f3e7bd373c0bf7156b9a14112a476d5f8faba8e153df207f7c755fe49f4dca810a6f10f3a078e4d401d1ebdf0454297fea0c",
            "directory_permission": "0777",
            "file_permission": "0400",
            "filename": "./sshkey-frauddetectiondemo-key-6332e013",
            "id": "42f90eff2ac63f39c1aafadf6409b5a4335fa877",
            "sensitive_content": null,
            "source": null
          },
          "sensitive_attributes": [
            [
              {
                "type": "get_attr",
                "value": "content"
              }
            ],
            [
              {
                "type": "get_attr",
                "value": "sensitive_content"
              }
            ]
          ],
          "identity_schema_version": 0,
          "dependencies": [
            "aws_key_pair.tf_key",
            "random_id.env_display_id",
            "tls_private_key.rsa-4096-example"
          ]
        }
      ]
    },
    {
      "mode": "managed",
      "type": "null_resource",
      "name": "kube_config",
      "provider": "provider[\"registry.terraform.io/hashicorp/null\"]",
      "instances": [
        {
          "schema_version": 0,
          "attributes": {
            "id": "119700052948799118",
            "triggers": null
          },
          "sensitive_attributes": [],
          "identity_schema_version": 0,
          "dependencies": [
            "aws_eks_cluster.eks_cluster",
            "aws_iam_role.cluster",
            "aws_iam_role.node",
            "aws_iam_role_policy_attachment.cluster_AmazonEKSBlockStoragePolicy",
            "aws_iam_role_policy_attachment.cluster_AmazonEKSClusterPolicy",
            "aws_iam_role_policy_attachment.cluster_AmazonEKSComputePolicy",
            "aws_iam_role_policy_attachment.cluster_AmazonEKSLoadBalancingPolicy",
            "aws_iam_role_policy_attachment.cluster_AmazonEKSNetworkingPolicy",
            "aws_subnet.public_subnets",
            "aws_vpc.main",
            "data.aws_availability_zones.available",
            "random_id.env_display_id"
          ]
        }
      ]
    },
    {
      "mode": "managed",
      "type": "null_resource",
      "name": "kube_context",
      "provider": "provider[\"registry.terraform.io/hashicorp/null\"]",
      "instances": [
        {
          "schema_version": 0,
          "attributes": {
            "id": "8257433775537241317",
            "triggers": null
          },
          "sensitive_attributes": [],
          "identity_schema_version": 0,
          "dependencies": [
            "aws_eks_access_policy_association.caller_cluster_admin_policy",
            "aws_eks_cluster.eks_cluster",
            "aws_iam_role.cluster",
            "aws_iam_role.node",
            "aws_iam_role_policy_attachment.cluster_AmazonEKSBlockStoragePolicy",
            "aws_iam_role_policy_attachment.cluster_AmazonEKSClusterPolicy",
            "aws_iam_role_policy_attachment.cluster_AmazonEKSComputePolicy",
            "aws_iam_role_policy_attachment.cluster_AmazonEKSLoadBalancingPolicy",
            "aws_iam_role_policy_attachment.cluster_AmazonEKSNetworkingPolicy",
            "aws_subnet.public_subnets",
            "aws_vpc.main",
            "data.aws_availability_zones.available",
            "data.aws_caller_identity.current",
            "kubernetes_namespace.demo_namespace",
            "random_id.env_display_id"
          ]
        }
      ]
    },
    {
      "mode": "managed",
      "type": "random_id",
      "name": "env_display_id",
      "provider": "provider[\"registry.terraform.io/hashicorp/random\"]",
      "instances": [
        {
          "schema_version": 0,
          "attributes": {
            "b64_std": "YzLgEw==",
            "b64_url": "YzLgEw",
            "byte_length": 4,
            "dec": "1664278547",
            "hex": "6332e013",
            "id": "YzLgEw",
            "keepers": null,
            "prefix": null
          },
          "sensitive_attributes": [],
          "identity_schema_version": 0
        }
      ]
    },
    {
      "mode": "managed",
      "type": "tls_private_key",
      "name": "rsa-4096-example",
      "provider": "provider[\"registry.terraform.io/hashicorp/tls\"]",
      "instances": [
        {
          "schema_version": 1,
          "attributes": {
            "algorithm": "RSA",
            "ecdsa_curve": "P224",
            "id": "7f21be4a0412dcbdb9e4a3eb80c38ec710ba73bd",
            "private_key_openssh": "-----BEGIN OPENSSH PRIVATE KEY-----\nb3BlbnNzaC1rZXktdjEAAAAABG5vbmUAAAAEbm9uZQAAAAAAAAABAAACFwAAAAdz\nc2gtcnNhAAAAAwEAAQAAAgEAn3Uc9IuVhB2ekhFZFGBZDoxuMdPJpJrYvgsSnMzx\n6y1GpqajW4gXOwYX0L+38qVKy15xYR/g4NuVNXUVo8jUuTGwaBEGBxo54QOhrETD\nJ0xD3KoOcKE+8fJP7yCk+I4qdTtbvNI4Ubt40W3lbPRuVjl4dMUDKavXU2NM9HZB\njf+zyRoBHONXhC+9du60Nm+vkgB+QNx5IZ4wdPxvDP76FQflZqel75YiTQmhbJPp\nwTxZnYR0B9QhYCJgzU7e+gaGYbpc4KG20kFyYYzzSzX6s2yXshBKpqo1uoHP10bW\nPLyekUUPksV489zm/By4zj50tIu/ZWm90qY++CPhLqgcdIeI6vP1Bg3xjfLEEmkh\n5ovGWhD3ZDMNCnZJIAZtoPTBv3AY9hoUWOi0e/8NRKNNsJ8uf9xNXPqpZugi7FC+\nODUHNksvkKmeruU1pQ1I0nSKceblbdq/GfPRVb0yn0SftkTCqDfHrE6Xdt7NrIyw\nJarbLbF7NldXkmIhsJ487DHofgRh2wJcoLjK+G0nAMSbEy6nQisO0WyBmQqlc3Pt\nhRKWNqvvk/JoYXEni+AtuzgO69CdmYdgV4cxO3NBGAchr1NbsLGTe6gBNV5xMtFu\nq3LPPyQF3bhbsYnoXTe5dRcmqA0sLe3Fsuj38l/HDSAlRX+cFq/vv+KW7XDZ6ztQ\nX9sAAAc4FLITfBSyE3wAAAAHc3NoLXJzYQAAAgEAn3Uc9IuVhB2ekhFZFGBZDoxu\nMdPJpJrYvgsSnMzx6y1GpqajW4gXOwYX0L+38qVKy15xYR/g4NuVNXUVo8jUuTGw\naBEGBxo54QOhrETDJ0xD3KoOcKE+8fJP7yCk+I4qdTtbvNI4Ubt40W3lbPRuVjl4\ndMUDKavXU2NM9HZBjf+zyRoBHONXhC+9du60Nm+vkgB+QNx5IZ4wdPxvDP76FQfl\nZqel75YiTQmhbJPpwTxZnYR0B9QhYCJgzU7e+gaGYbpc4KG20kFyYYzzSzX6s2yX\nshBKpqo1uoHP10bWPLyekUUPksV489zm/By4zj50tIu/ZWm90qY++CPhLqgcdIeI\n6vP1Bg3xjfLEEmkh5ovGWhD3ZDMNCnZJIAZtoPTBv3AY9hoUWOi0e/8NRKNNsJ8u\nf9xNXPqpZugi7FC+ODUHNksvkKmeruU1pQ1I0nSKceblbdq/GfPRVb0yn0SftkTC\nqDfHrE6Xdt7NrIywJarbLbF7NldXkmIhsJ487DHofgRh2wJcoLjK+G0nAMSbEy6n\nQisO0WyBmQqlc3PthRKWNqvvk/JoYXEni+AtuzgO69CdmYdgV4cxO3NBGAchr1Nb\nsLGTe6gBNV5xMtFuq3LPPyQF3bhbsYnoXTe5dRcmqA0sLe3Fsuj38l/HDSAlRX+c\nFq/vv+KW7XDZ6ztQX9sAAAADAQABAAACADKDbhXF9ipxG5+YIUkEMJIcSHg+aD1d\n1FV3uoCzp9thb2UxmsRPO1S2XGsDoOkcFbKRC4fCCoIQ7ZaOrblB0KmOJR0Cb49m\nbnlqphelfNEBJupLcOGbIw6QPWQ6Sih3GNokYK5TRgYWRnLJxokaca2c7RzIoHTd\n/AtthJ5Yq/Go1DJbq4iUOFAms3VuruYjwVGWGGjBrxnIO/+DTEaoq15oLvKzHyzj\nuZ//8gQsYzuUu6rbn8ovGBeVLGc9mgNId9+TowKCGCFJHEvs09G6mt2mA/QjlxJv\nDzAzGT1QMmPxOKY6Y3GSXvuZug6Zpq2nOV9MeehNdBW8FmyTKS2XkdOUU3ERuu4+\n55tmNllPd9rk1tLfhLRFYJJEwgGCfFtxUoSIlbND3krLU64XbLwyO2b/XH23Wncn\nF+lhtyhcVjSFa9GgYGzoADPTx7/I045RwlWOOxgUx7Zfiw1HTgC5Kic2JbaFKznZ\n+XjMnbJx+xL6ALzUPV0VsWitIjcwK40BrgVtQ/wF2KSWkQ3GASDhL1gDjN92bhbN\n+zw2ZSSrcsJhZEC4itHBSfPj0SPm1v7A7dTbZzb/T1X5koEe22VtisdlBbwQ4qkE\nA60sy8TLQUBKg2tysK9TQYV9T+Q+k7o99UXsXwmLb/VufNkME3JicOnqS7se+T6C\njr91sAwHSNwhAAABAQDPmXQ7v2lifyYnUO0h36ERzmwK55J4u77Q8ox0T/I0/neN\n0jO8vcsbf56eAHBmUJ1Wp8SSOoEQPRJRP83jZ6q0sq3bUeaJogBXEv6b2pF4MqT+\nwrTy1tRbi6kLUg/gymvslYyvqgmzkk/9HvZNJuXZS5t1TYn8lRr7YhzLQYBOxhe8\nLMzF2XHXid9RQycyZynf5Q6N7AqC+9T6qc8j613ft9AzE5Werp6BQ8hs4isbVtIm\nvPWvPLeod97gK2VDo51GPCdrmFwtOf4Q/A8rthxz3ToxUDgnJPcfjdMktkimN9oE\ndgrfZEDBPQMfHGUyNtn6I618zTOtXW3WSsQk30DHAAABAQDSSW+4Bk6kdqC8/S99\nh0hFQmqMB1YGHjp7k13EQzGd4/6W0xLKKlgibgZ/HzyxuEP40eBM5dN2HpaJHxqB\nZGpHgAYfAOYyH9Q6Y6WItV/nrnU8ChZV6bPmzymh4BVvTcQd8EithKRcrw8TUnil\nIlcFoefZ+v+FQIws0KV0UZXqeoD1pVDbAeXk8m+5/THkrZqXttCOhFoZTMNrzdMZ\nfrXNRL3JcTh71B/OXPCeyWwWWnM6sEDFW4rpRbotC/h1f3A7fCOJfRjq0H8r5z5s\nmNVMJ6ylLQxTtDEuqDRmsK6XQMsu0Tk30ckfYzmJ5DorKCJSm2Nf/d6NOgWRgymQ\nZm5rAAABAQDCHv9FNIvP83gIV0k+YPFNdgrXFBauymQ9sAWN0SLUoPCEtJVf2ddr\n8jjX2cOLifEMd51OOLX5y46j42BSyk//c/BupQzvde3ElagPhxcWtbIoXTfty8dZ\noH1jFZMUTrLBVxG1nr9TigpgIqqw8lpqChKSEEuyLx01+9iXH8pFqn6W1sOEzSqt\ngF1OmCuZO3kro01Um8Nq59z2PRuw6ncUNYqhnVD35V3D7IgxNw9eteqX7IDWwUwB\n9DO1f8IaIiFN8ThpXsGnPsdheHypUfB+FWc81qXEepuorvUO73ATqfxdqLo1IGeI\nE4NeujA3X83eX54uUHBygoCPO0/GslBRAAAAAAEC\n-----END OPENSSH PRIVATE KEY-----\n",
            "private_key_pem": "-----BEGIN RSA PRIVATE KEY-----\nMIIJKAIBAAKCAgEAn3Uc9IuVhB2ekhFZFGBZDoxuMdPJpJrYvgsSnMzx6y1Gpqaj\nW4gXOwYX0L+38qVKy15xYR/g4NuVNXUVo8jUuTGwaBEGBxo54QOhrETDJ0xD3KoO\ncKE+8fJP7yCk+I4qdTtbvNI4Ubt40W3lbPRuVjl4dMUDKavXU2NM9HZBjf+zyRoB\nHONXhC+9du60Nm+vkgB+QNx5IZ4wdPxvDP76FQflZqel75YiTQmhbJPpwTxZnYR0\nB9QhYCJgzU7e+gaGYbpc4KG20kFyYYzzSzX6s2yXshBKpqo1uoHP10bWPLyekUUP\nksV489zm/By4zj50tIu/ZWm90qY++CPhLqgcdIeI6vP1Bg3xjfLEEmkh5ovGWhD3\nZDMNCnZJIAZtoPTBv3AY9hoUWOi0e/8NRKNNsJ8uf9xNXPqpZugi7FC+ODUHNksv\nkKmeruU1pQ1I0nSKceblbdq/GfPRVb0yn0SftkTCqDfHrE6Xdt7NrIywJarbLbF7\nNldXkmIhsJ487DHofgRh2wJcoLjK+G0nAMSbEy6nQisO0WyBmQqlc3PthRKWNqvv\nk/JoYXEni+AtuzgO69CdmYdgV4cxO3NBGAchr1NbsLGTe6gBNV5xMtFuq3LPPyQF\n3bhbsYnoXTe5dRcmqA0sLe3Fsuj38l/HDSAlRX+cFq/vv+KW7XDZ6ztQX9sCAwEA\nAQKCAgAyg24VxfYqcRufmCFJBDCSHEh4Pmg9XdRVd7qAs6fbYW9lMZrETztUtlxr\nA6DpHBWykQuHwgqCEO2Wjq25QdCpjiUdAm+PZm55aqYXpXzRASbqS3DhmyMOkD1k\nOkoodxjaJGCuU0YGFkZyycaJGnGtnO0cyKB03fwLbYSeWKvxqNQyW6uIlDhQJrN1\nbq7mI8FRlhhowa8ZyDv/g0xGqKteaC7ysx8s47mf//IELGM7lLuq25/KLxgXlSxn\nPZoDSHffk6MCghghSRxL7NPRuprdpgP0I5cSbw8wMxk9UDJj8TimOmNxkl77mboO\nmaatpzlfTHnoTXQVvBZskyktl5HTlFNxEbruPuebZjZZT3fa5NbS34S0RWCSRMIB\ngnxbcVKEiJWzQ95Ky1OuF2y8Mjtm/1x9t1p3JxfpYbcoXFY0hWvRoGBs6AAz08e/\nyNOOUcJVjjsYFMe2X4sNR04AuSonNiW2hSs52fl4zJ2ycfsS+gC81D1dFbForSI3\nMCuNAa4FbUP8BdiklpENxgEg4S9YA4zfdm4Wzfs8NmUkq3LCYWRAuIrRwUnz49Ej\n5tb+wO3U22c2/09V+ZKBHttlbYrHZQW8EOKpBAOtLMvEy0FASoNrcrCvU0GFfU/k\nPpO6PfVF7F8Ji2/1bnzZDBNyYnDp6ku7Hvk+go6/dbAMB0jcIQKCAQEA0klvuAZO\npHagvP0vfYdIRUJqjAdWBh46e5NdxEMxneP+ltMSyipYIm4Gfx88sbhD+NHgTOXT\ndh6WiR8agWRqR4AGHwDmMh/UOmOliLVf5651PAoWVemz5s8poeAVb03EHfBIrYSk\nXK8PE1J4pSJXBaHn2fr/hUCMLNCldFGV6nqA9aVQ2wHl5PJvuf0x5K2al7bQjoRa\nGUzDa83TGX61zUS9yXE4e9QfzlzwnslsFlpzOrBAxVuK6UW6LQv4dX9wO3wjiX0Y\n6tB/K+c+bJjVTCespS0MU7QxLqg0ZrCul0DLLtE5N9HJH2M5ieQ6KygiUptjX/3e\njToFkYMpkGZuawKCAQEAwh7/RTSLz/N4CFdJPmDxTXYK1xQWrspkPbAFjdEi1KDw\nhLSVX9nXa/I419nDi4nxDHedTji1+cuOo+NgUspP/3PwbqUM73XtxJWoD4cXFrWy\nKF037cvHWaB9YxWTFE6ywVcRtZ6/U4oKYCKqsPJaagoSkhBLsi8dNfvYlx/KRap+\nltbDhM0qrYBdTpgrmTt5K6NNVJvDaufc9j0bsOp3FDWKoZ1Q9+Vdw+yIMTcPXrXq\nl+yA1sFMAfQztX/CGiIhTfE4aV7Bpz7HYXh8qVHwfhVnPNalxHqbqK71Du9wE6n8\nXai6NSBniBODXrowN1/N3l+eLlBwcoKAjztPxrJQUQKCAQASEWs+9ZPGP8cZ1etB\nruD/ynAbLfovNmOyAHx7A4b82P0j+mjP5AmEk82NGKL/ZiS4+Vd7Y/fiW0h16a0+\nVuFm2VItUcd1oRR8G9m6QFNINc4u5XL72MOzXjNmjDlrQdRK+j1UY2Q37nauI1To\nY2X0vu+L5CwWR/CDXT4KG4R1DCeOc7DZ0HTvUgFVirLBwkTZKkULKcYQDG9yENJF\ni4SVaYWhDFBdG2HMOmIWUpot5YGnFkPKcU4jMvGHM1MazWNYSRdIle4RJu72V70e\nWZdiHrqPyqoXexEKwDsYY6/soQ2ULTfsWuMcBkuIVIrG8IDadi14rvhzS/v0f7+P\nf62XAoIBAD42yQFZEeYX1cR2lRbU4wE8b8T2vz5Nx0qt+1m0SUF0QyGE7srFenEy\nNF2ZgT5be1HPlC7Zphjk0FZeLSTbikAI3GnZpAeq+AUlIbO4TAIPQYYGOkKQKNfk\nw8rZw0Wi409rpFVdB1yyxRiCg8oqIigSClmdt2ToDKicipIEskMZnXCibA9H4gGx\nPjZONsrpcLA3qjUPptXAceTJOPK+cmObtU6OqMCKVj7Qs+VyDA8CpqkCN1icosuN\nhHUK+R5/CcV9JeM/Zzk+uY/Xmbx6cmU2Xtv0vzP1R6YMTKX4vybON/+cb/FO7V+D\nQXs+mO1mWwiGBKA7T46jnKhLDgpUY8ECggEBAM+ZdDu/aWJ/JidQ7SHfoRHObArn\nkni7vtDyjHRP8jT+d43SM7y9yxt/np4AcGZQnVanxJI6gRA9ElE/zeNnqrSyrdtR\n5omiAFcS/pvakXgypP7CtPLW1FuLqQtSD+DKa+yVjK+qCbOST/0e9k0m5dlLm3VN\nifyVGvtiHMtBgE7GF7wszMXZcdeJ31FDJzJnKd/lDo3sCoL71PqpzyPrXd+30DMT\nlZ6unoFDyGziKxtW0ia89a88t6h33uArZUOjnUY8J2uYXC05/hD8Dyu2HHPdOjFQ\nOCck9x+N0yS2SKY32gR2Ct9kQME9Ax8cZTI22fojrXzNM61dbdZKxCTfQMc=\n-----END RSA PRIVATE KEY-----\n",
            "private_key_pem_pkcs8": "-----BEGIN PRIVATE KEY-----\nMIIJQgIBADANBgkqhkiG9w0BAQEFAASCCSwwggkoAgEAAoICAQCfdRz0i5WEHZ6S\nEVkUYFkOjG4x08mkmti+CxKczPHrLUampqNbiBc7BhfQv7fypUrLXnFhH+Dg25U1\ndRWjyNS5MbBoEQYHGjnhA6GsRMMnTEPcqg5woT7x8k/vIKT4jip1O1u80jhRu3jR\nbeVs9G5WOXh0xQMpq9dTY0z0dkGN/7PJGgEc41eEL7127rQ2b6+SAH5A3HkhnjB0\n/G8M/voVB+Vmp6XvliJNCaFsk+nBPFmdhHQH1CFgImDNTt76BoZhulzgobbSQXJh\njPNLNfqzbJeyEEqmqjW6gc/XRtY8vJ6RRQ+SxXjz3Ob8HLjOPnS0i79lab3Spj74\nI+EuqBx0h4jq8/UGDfGN8sQSaSHmi8ZaEPdkMw0KdkkgBm2g9MG/cBj2GhRY6LR7\n/w1Eo02wny5/3E1c+qlm6CLsUL44NQc2Sy+QqZ6u5TWlDUjSdIpx5uVt2r8Z89FV\nvTKfRJ+2RMKoN8esTpd23s2sjLAlqtstsXs2V1eSYiGwnjzsMeh+BGHbAlyguMr4\nbScAxJsTLqdCKw7RbIGZCqVzc+2FEpY2q++T8mhhcSeL4C27OA7r0J2Zh2BXhzE7\nc0EYByGvU1uwsZN7qAE1XnEy0W6rcs8/JAXduFuxiehdN7l1FyaoDSwt7cWy6Pfy\nX8cNICVFf5wWr++/4pbtcNnrO1Bf2wIDAQABAoICADKDbhXF9ipxG5+YIUkEMJIc\nSHg+aD1d1FV3uoCzp9thb2UxmsRPO1S2XGsDoOkcFbKRC4fCCoIQ7ZaOrblB0KmO\nJR0Cb49mbnlqphelfNEBJupLcOGbIw6QPWQ6Sih3GNokYK5TRgYWRnLJxokaca2c\n7RzIoHTd/AtthJ5Yq/Go1DJbq4iUOFAms3VuruYjwVGWGGjBrxnIO/+DTEaoq15o\nLvKzHyzjuZ//8gQsYzuUu6rbn8ovGBeVLGc9mgNId9+TowKCGCFJHEvs09G6mt2m\nA/QjlxJvDzAzGT1QMmPxOKY6Y3GSXvuZug6Zpq2nOV9MeehNdBW8FmyTKS2XkdOU\nU3ERuu4+55tmNllPd9rk1tLfhLRFYJJEwgGCfFtxUoSIlbND3krLU64XbLwyO2b/\nXH23WncnF+lhtyhcVjSFa9GgYGzoADPTx7/I045RwlWOOxgUx7Zfiw1HTgC5Kic2\nJbaFKznZ+XjMnbJx+xL6ALzUPV0VsWitIjcwK40BrgVtQ/wF2KSWkQ3GASDhL1gD\njN92bhbN+zw2ZSSrcsJhZEC4itHBSfPj0SPm1v7A7dTbZzb/T1X5koEe22Vtisdl\nBbwQ4qkEA60sy8TLQUBKg2tysK9TQYV9T+Q+k7o99UXsXwmLb/VufNkME3JicOnq\nS7se+T6Cjr91sAwHSNwhAoIBAQDSSW+4Bk6kdqC8/S99h0hFQmqMB1YGHjp7k13E\nQzGd4/6W0xLKKlgibgZ/HzyxuEP40eBM5dN2HpaJHxqBZGpHgAYfAOYyH9Q6Y6WI\ntV/nrnU8ChZV6bPmzymh4BVvTcQd8EithKRcrw8TUnilIlcFoefZ+v+FQIws0KV0\nUZXqeoD1pVDbAeXk8m+5/THkrZqXttCOhFoZTMNrzdMZfrXNRL3JcTh71B/OXPCe\nyWwWWnM6sEDFW4rpRbotC/h1f3A7fCOJfRjq0H8r5z5smNVMJ6ylLQxTtDEuqDRm\nsK6XQMsu0Tk30ckfYzmJ5DorKCJSm2Nf/d6NOgWRgymQZm5rAoIBAQDCHv9FNIvP\n83gIV0k+YPFNdgrXFBauymQ9sAWN0SLUoPCEtJVf2ddr8jjX2cOLifEMd51OOLX5\ny46j42BSyk//c/BupQzvde3ElagPhxcWtbIoXTfty8dZoH1jFZMUTrLBVxG1nr9T\nigpgIqqw8lpqChKSEEuyLx01+9iXH8pFqn6W1sOEzSqtgF1OmCuZO3kro01Um8Nq\n59z2PRuw6ncUNYqhnVD35V3D7IgxNw9eteqX7IDWwUwB9DO1f8IaIiFN8ThpXsGn\nPsdheHypUfB+FWc81qXEepuorvUO73ATqfxdqLo1IGeIE4NeujA3X83eX54uUHBy\ngoCPO0/GslBRAoIBABIRaz71k8Y/xxnV60Gu4P/KcBst+i82Y7IAfHsDhvzY/SP6\naM/kCYSTzY0Yov9mJLj5V3tj9+JbSHXprT5W4WbZUi1Rx3WhFHwb2bpAU0g1zi7l\ncvvYw7NeM2aMOWtB1Er6PVRjZDfudq4jVOhjZfS+74vkLBZH8INdPgobhHUMJ45z\nsNnQdO9SAVWKssHCRNkqRQspxhAMb3IQ0kWLhJVphaEMUF0bYcw6YhZSmi3lgacW\nQ8pxTiMy8YczUxrNY1hJF0iV7hEm7vZXvR5Zl2Ieuo/Kqhd7EQrAOxhjr+yhDZQt\nN+xa4xwGS4hUisbwgNp2LXiu+HNL+/R/v49/rZcCggEAPjbJAVkR5hfVxHaVFtTj\nATxvxPa/Pk3HSq37WbRJQXRDIYTuysV6cTI0XZmBPlt7Uc+ULtmmGOTQVl4tJNuK\nQAjcadmkB6r4BSUhs7hMAg9BhgY6QpAo1+TDytnDRaLjT2ukVV0HXLLFGIKDyioi\nKBIKWZ23ZOgMqJyKkgSyQxmdcKJsD0fiAbE+Nk42yulwsDeqNQ+m1cBx5Mk48r5y\nY5u1To6owIpWPtCz5XIMDwKmqQI3WJyiy42EdQr5Hn8JxX0l4z9nOT65j9eZvHpy\nZTZe2/S/M/VHpgxMpfi/Js43/5xv8U7tX4NBez6Y7WZbCIYEoDtPjqOcqEsOClRj\nwQKCAQEAz5l0O79pYn8mJ1DtId+hEc5sCueSeLu+0PKMdE/yNP53jdIzvL3LG3+e\nngBwZlCdVqfEkjqBED0SUT/N42eqtLKt21HmiaIAVxL+m9qReDKk/sK08tbUW4up\nC1IP4Mpr7JWMr6oJs5JP/R72TSbl2UubdU2J/JUa+2Icy0GATsYXvCzMxdlx14nf\nUUMnMmcp3+UOjewKgvvU+qnPI+td37fQMxOVnq6egUPIbOIrG1bSJrz1rzy3qHfe\n4CtlQ6OdRjwna5hcLTn+EPwPK7Ycc906MVA4JyT3H43TJLZIpjfaBHYK32RAwT0D\nHxxlMjbZ+iOtfM0zrV1t1krEJN9Axw==\n-----END PRIVATE KEY-----\n",
            "public_key_fingerprint_md5": "ce:12:cb:f2:d6:23:20:c4:07:f8:82:b5:60:12:c5:1e",
            "public_key_fingerprint_sha256": "SHA256:NBqUuwCdOZW2fPNYeXstUtRRLja/CWsBm6B4k9qRcZI",
            "public_key_openssh": "ssh-rsa AAAAB3NzaC1yc2EAAAADAQABAAACAQCfdRz0i5WEHZ6SEVkUYFkOjG4x08mkmti+CxKczPHrLUampqNbiBc7BhfQv7fypUrLXnFhH+Dg25U1dRWjyNS5MbBoEQYHGjnhA6GsRMMnTEPcqg5woT7x8k/vIKT4jip1O1u80jhRu3jRbeVs9G5WOXh0xQMpq9dTY0z0dkGN/7PJGgEc41eEL7127rQ2b6+SAH5A3HkhnjB0/G8M/voVB+Vmp6XvliJNCaFsk+nBPFmdhHQH1CFgImDNTt76BoZhulzgobbSQXJhjPNLNfqzbJeyEEqmqjW6gc/XRtY8vJ6RRQ+SxXjz3Ob8HLjOPnS0i79lab3Spj74I+EuqBx0h4jq8/UGDfGN8sQSaSHmi8ZaEPdkMw0KdkkgBm2g9MG/cBj2GhRY6LR7/w1Eo02wny5/3E1c+qlm6CLsUL44NQc2Sy+QqZ6u5TWlDUjSdIpx5uVt2r8Z89FVvTKfRJ+2RMKoN8esTpd23s2sjLAlqtstsXs2V1eSYiGwnjzsMeh+BGHbAlyguMr4bScAxJsTLqdCKw7RbIGZCqVzc+2FEpY2q++T8mhhcSeL4C27OA7r0J2Zh2BXhzE7c0EYByGvU1uwsZN7qAE1XnEy0W6rcs8/JAXduFuxiehdN7l1FyaoDSwt7cWy6PfyX8cNICVFf5wWr++/4pbtcNnrO1Bf2w==\n",
            "public_key_pem": "-----BEGIN PUBLIC KEY-----\nMIICIjANBgkqhkiG9w0BAQEFAAOCAg8AMIICCgKCAgEAn3Uc9IuVhB2ekhFZFGBZ\nDoxuMdPJpJrYvgsSnMzx6y1GpqajW4gXOwYX0L+38qVKy15xYR/g4NuVNXUVo8jU\nuTGwaBEGBxo54QOhrETDJ0xD3KoOcKE+8fJP7yCk+I4qdTtbvNI4Ubt40W3lbPRu\nVjl4dMUDKavXU2NM9HZBjf+zyRoBHONXhC+9du60Nm+vkgB+QNx5IZ4wdPxvDP76\nFQflZqel75YiTQmhbJPpwTxZnYR0B9QhYCJgzU7e+gaGYbpc4KG20kFyYYzzSzX6\ns2yXshBKpqo1uoHP10bWPLyekUUPksV489zm/By4zj50tIu/ZWm90qY++CPhLqgc\ndIeI6vP1Bg3xjfLEEmkh5ovGWhD3ZDMNCnZJIAZtoPTBv3AY9hoUWOi0e/8NRKNN\nsJ8uf9xNXPqpZugi7FC+ODUHNksvkKmeruU1pQ1I0nSKceblbdq/GfPRVb0yn0Sf\ntkTCqDfHrE6Xdt7NrIywJarbLbF7NldXkmIhsJ487DHofgRh2wJcoLjK+G0nAMSb\nEy6nQisO0WyBmQqlc3PthRKWNqvvk/JoYXEni+AtuzgO69CdmYdgV4cxO3NBGAch\nr1NbsLGTe6gBNV5xMtFuq3LPPyQF3bhbsYnoXTe5dRcmqA0sLe3Fsuj38l/HDSAl\nRX+cFq/vv+KW7XDZ6ztQX9sCAwEAAQ==\n-----END PUBLIC KEY-----\n",
            "rsa_bits": 4096
          },
          "sensitive_attributes": [
            [
              {
                "type": "get_attr",
                "value": "private_key_openssh"
              }
            ],
            [
              {
                "type": "get_attr",
                "value": "private_key_pem"
              }
            ],
            [
              {
                "type": "get_attr",
                "value": "private_key_pem_pkcs8"
              }
            ]
          ],
          "identity_schema_version": 0
        }
      ]
    }
  ],
  "check_results": null
}
